// !$*UTF8*$!
{
	archiveVersion = 1;
	classes = {
	};
	objectVersion = 46;
	objects = {

/* Begin PBXBuildFile section */
		1A0289F4161CD20800B97A5B /* Cocoa.framework in Frameworks */ = {isa = PBXBuildFile; fileRef = 1A0289F3161CD20800B97A5B /* Cocoa.framework */; };
		1A0289FE161CD20800B97A5B /* InfoPlist.strings in Resources */ = {isa = PBXBuildFile; fileRef = 1A0289FC161CD20800B97A5B /* InfoPlist.strings */; };
		1A028A00161CD20800B97A5B /* main.m in Sources */ = {isa = PBXBuildFile; fileRef = 1A0289FF161CD20800B97A5B /* main.m */; };
		1A028A04161CD20800B97A5B /* Credits.rtf in Resources */ = {isa = PBXBuildFile; fileRef = 1A028A02161CD20800B97A5B /* Credits.rtf */; };
		1A028A0A161CD20800B97A5B /* MainMenu.xib in Resources */ = {isa = PBXBuildFile; fileRef = 1A028A08161CD20800B97A5B /* MainMenu.xib */; };
		1A028A12161CD20800B97A5B /* SenTestingKit.framework in Frameworks */ = {isa = PBXBuildFile; fileRef = 1A028A11161CD20800B97A5B /* SenTestingKit.framework */; };
		1A028A13161CD20800B97A5B /* Cocoa.framework in Frameworks */ = {isa = PBXBuildFile; fileRef = 1A0289F3161CD20800B97A5B /* Cocoa.framework */; };
		1A028A1B161CD20800B97A5B /* InfoPlist.strings in Resources */ = {isa = PBXBuildFile; fileRef = 1A028A19161CD20800B97A5B /* InfoPlist.strings */; };
		1A028A1E161CD20800B97A5B /* LightMasterTests.m in Sources */ = {isa = PBXBuildFile; fileRef = 1A028A1D161CD20800B97A5B /* LightMasterTests.m */; };
		1A028A2D161CD23D00B97A5B /* MNTimelineViewController.m in Sources */ = {isa = PBXBuildFile; fileRef = 1A028A2C161CD23D00B97A5B /* MNTimelineViewController.m */; };
		1A028A77161CD36E00B97A5B /* Toolbar.tiff in Resources */ = {isa = PBXBuildFile; fileRef = 1A028A66161CD36E00B97A5B /* Toolbar.tiff */; };
		1A028A78161CD36E00B97A5B /* FastForwardAlternate.tiff in Resources */ = {isa = PBXBuildFile; fileRef = 1A028A67161CD36E00B97A5B /* FastForwardAlternate.tiff */; };
		1A028A79161CD36E00B97A5B /* PlayAlternate.tiff in Resources */ = {isa = PBXBuildFile; fileRef = 1A028A68161CD36E00B97A5B /* PlayAlternate.tiff */; };
		1A028A7A161CD36E00B97A5B /* RecordAlternate.tiff in Resources */ = {isa = PBXBuildFile; fileRef = 1A028A69161CD36E00B97A5B /* RecordAlternate.tiff */; };
		1A028A7B161CD36E00B97A5B /* RewindAlternate.tiff in Resources */ = {isa = PBXBuildFile; fileRef = 1A028A6A161CD36E00B97A5B /* RewindAlternate.tiff */; };
		1A028A7C161CD36E00B97A5B /* SkipBackAlternate.tiff in Resources */ = {isa = PBXBuildFile; fileRef = 1A028A6B161CD36E00B97A5B /* SkipBackAlternate.tiff */; };
		1A028A7D161CD36E00B97A5B /* Record.tiff in Resources */ = {isa = PBXBuildFile; fileRef = 1A028A6C161CD36E00B97A5B /* Record.tiff */; };
		1A028A7E161CD36E00B97A5B /* FastForward.tiff in Resources */ = {isa = PBXBuildFile; fileRef = 1A028A6D161CD36E00B97A5B /* FastForward.tiff */; };
		1A028A7F161CD36E00B97A5B /* Play.tiff in Resources */ = {isa = PBXBuildFile; fileRef = 1A028A6E161CD36E00B97A5B /* Play.tiff */; };
		1A028A80161CD36E00B97A5B /* Rewind.tiff in Resources */ = {isa = PBXBuildFile; fileRef = 1A028A6F161CD36E00B97A5B /* Rewind.tiff */; };
		1A028A81161CD36E00B97A5B /* SkipBack.tiff in Resources */ = {isa = PBXBuildFile; fileRef = 1A028A70161CD36E00B97A5B /* SkipBack.tiff */; };
		1A028A82161CD36E00B97A5B /* TrackRecord.tiff in Resources */ = {isa = PBXBuildFile; fileRef = 1A028A71161CD36E00B97A5B /* TrackRecord.tiff */; };
		1A028A83161CD36E00B97A5B /* TrackRecordBlank.tiff in Resources */ = {isa = PBXBuildFile; fileRef = 1A028A72161CD36E00B97A5B /* TrackRecordBlank.tiff */; };
		1A028A84161CD36E00B97A5B /* CommandClusterBackground.tiff in Resources */ = {isa = PBXBuildFile; fileRef = 1A028A73161CD36E00B97A5B /* CommandClusterBackground.tiff */; };
		1A028A85161CD36E00B97A5B /* MNControlBoxStyle.tiff in Resources */ = {isa = PBXBuildFile; fileRef = 1A028A74161CD36E00B97A5B /* MNControlBoxStyle.tiff */; };
		1A028A86161CD36E00B97A5B /* MNChannelGroupStyle.tiff in Resources */ = {isa = PBXBuildFile; fileRef = 1A028A75161CD36E00B97A5B /* MNChannelGroupStyle.tiff */; };
		1A028A87161CD36E00B97A5B /* MNAudioClipStyle.tiff in Resources */ = {isa = PBXBuildFile; fileRef = 1A028A76161CD36E00B97A5B /* MNAudioClipStyle.tiff */; };
		1A028A90161CD40000B97A5B /* MNData.m in Sources */ = {isa = PBXBuildFile; fileRef = 1A028A8F161CD40000B97A5B /* MNData.m */; };
		1A028A9A161CD45700B97A5B /* MNToolbarViewController.m in Sources */ = {isa = PBXBuildFile; fileRef = 1A028A99161CD45700B97A5B /* MNToolbarViewController.m */; };
		1A028AB6161CD95A00B97A5B /* MNControlBoxLibraryManagerViewController.m in Sources */ = {isa = PBXBuildFile; fileRef = 1A028AB5161CD95A00B97A5B /* MNControlBoxLibraryManagerViewController.m */; };
		1A028AB9161CD96F00B97A5B /* MNCommandClusterLibraryManagerViewController.m in Sources */ = {isa = PBXBuildFile; fileRef = 1A028AB8161CD96F00B97A5B /* MNCommandClusterLibraryManagerViewController.m */; };
		1A028ABC161CD99C00B97A5B /* MNEffectLibraryManagerViewController.m in Sources */ = {isa = PBXBuildFile; fileRef = 1A028ABB161CD99C00B97A5B /* MNEffectLibraryManagerViewController.m */; };
		1A028ABF161CD9B000B97A5B /* MNAudioClipLibraryManagerViewController.m in Sources */ = {isa = PBXBuildFile; fileRef = 1A028ABE161CD9B000B97A5B /* MNAudioClipLibraryManagerViewController.m */; };
		1A028AC2161CD9F200B97A5B /* MNChannelGroupLibraryManagerViewController.m in Sources */ = {isa = PBXBuildFile; fileRef = 1A028AC1161CD9F200B97A5B /* MNChannelGroupLibraryManagerViewController.m */; };
		1A028AC5161CDA0000B97A5B /* MNSequenceLibraryManagerViewController.m in Sources */ = {isa = PBXBuildFile; fileRef = 1A028AC4161CDA0000B97A5B /* MNSequenceLibraryManagerViewController.m */; };
		1A028AC8161CDA2A00B97A5B /* MNSynchronizedScrollView.m in Sources */ = {isa = PBXBuildFile; fileRef = 1A028AC7161CDA2A00B97A5B /* MNSynchronizedScrollView.m */; };
		1A028ACB161CDA4A00B97A5B /* MNTimelineTracksView.m in Sources */ = {isa = PBXBuildFile; fileRef = 1A028ACA161CDA4A00B97A5B /* MNTimelineTracksView.m */; };
		1A028ACE161CDA7600B97A5B /* MNTimelineTrackHeadersView.m in Sources */ = {isa = PBXBuildFile; fileRef = 1A028ACD161CDA7600B97A5B /* MNTimelineTrackHeadersView.m */; };
		1A37E895163CC86C000105B5 /* MNAppDelegate.m in Sources */ = {isa = PBXBuildFile; fileRef = 1A37E894163CC86C000105B5 /* MNAppDelegate.m */; };
		1A487307163A44D000820C1D /* IOKit.framework in Frameworks */ = {isa = PBXBuildFile; fileRef = 1A487306163A44D000820C1D /* IOKit.framework */; };
		1A487313163A542900820C1D /* ORSSerialPort.m in Sources */ = {isa = PBXBuildFile; fileRef = 1A487310163A542900820C1D /* ORSSerialPort.m */; };
		1A487314163A542900820C1D /* ORSSerialPortManager.m in Sources */ = {isa = PBXBuildFile; fileRef = 1A487312163A542900820C1D /* ORSSerialPortManager.m */; };
		1A487315163A543000820C1D /* ORSSerialPort.m in Sources */ = {isa = PBXBuildFile; fileRef = 1A487310163A542900820C1D /* ORSSerialPort.m */; };
		1A487316163A543400820C1D /* ORSSerialPortManager.m in Sources */ = {isa = PBXBuildFile; fileRef = 1A487312163A542900820C1D /* ORSSerialPortManager.m */; };
		1A4B790A161CF76B004D9E1C /* MNLibrariesViewController.m in Sources */ = {isa = PBXBuildFile; fileRef = 1A4B7909161CF76B004D9E1C /* MNLibrariesViewController.m */; };
		1A68DC7D163F2F4000A0D6FD /* Stars.icns in Resources */ = {isa = PBXBuildFile; fileRef = 1A68DC7C163F2F4000A0D6FD /* Stars.icns */; };
		1A68DC80163F2F6700A0D6FD /* Stars.png in Resources */ = {isa = PBXBuildFile; fileRef = 1A68DC7E163F2F6700A0D6FD /* Stars.png */; };
		1A68DC81163F2F6700A0D6FD /* Stars.artx in Resources */ = {isa = PBXBuildFile; fileRef = 1A68DC7F163F2F6700A0D6FD /* Stars.artx */; };
		1A818A931624CC9E0054936E /* MNControlBoxChannelSelectorViewController.m in Sources */ = {isa = PBXBuildFile; fileRef = 1A818A921624CC9E0054936E /* MNControlBoxChannelSelectorViewController.m */; };
		1AAA049C162547940052A779 /* MNCommandClusterControlBoxSelectorViewController.m in Sources */ = {isa = PBXBuildFile; fileRef = 1AAA049B162547940052A779 /* MNCommandClusterControlBoxSelectorViewController.m */; };
		1AAA049F162547A60052A779 /* MNCommandClusterChannelGroupSelectorViewController.m in Sources */ = {isa = PBXBuildFile; fileRef = 1AAA049E162547A60052A779 /* MNCommandClusterChannelGroupSelectorViewController.m */; };
		1AAA04A2162547B70052A779 /* MNCommandChannelSelectorViewController.m in Sources */ = {isa = PBXBuildFile; fileRef = 1AAA04A1162547B70052A779 /* MNCommandChannelSelectorViewController.m */; };
		1AB96DC016810BC700324EB5 /* CoreServices.framework in Frameworks */ = {isa = PBXBuildFile; fileRef = 1AB96DBF16810BC700324EB5 /* CoreServices.framework */; };
		1AB96DC216810C7D00324EB5 /* ApplicationServices.framework in Frameworks */ = {isa = PBXBuildFile; fileRef = 1AB96DC116810C7C00324EB5 /* ApplicationServices.framework */; };
		1ACEE382167452F200223109 /* Loop.tiff in Resources */ = {isa = PBXBuildFile; fileRef = 1ACEE380167452F200223109 /* Loop.tiff */; };
		1ACEE383167452F200223109 /* LoopAlternate.tiff in Resources */ = {isa = PBXBuildFile; fileRef = 1ACEE381167452F200223109 /* LoopAlternate.tiff */; };
		1AD64DE1167A9E2600A89D5A /* ENAPI.m in Sources */ = {isa = PBXBuildFile; fileRef = 1AD64DE0167A9E2600A89D5A /* ENAPI.m */; };
		1AD64DE2167A9E2600A89D5A /* ENAPI.m in Sources */ = {isa = PBXBuildFile; fileRef = 1AD64DE0167A9E2600A89D5A /* ENAPI.m */; };
		1AD64DF2167A9E3500A89D5A /* ENSigner.m in Sources */ = {isa = PBXBuildFile; fileRef = 1AD64DE5167A9E3500A89D5A /* ENSigner.m */; };
		1AD64DF3167A9E3500A89D5A /* ENSigner.m in Sources */ = {isa = PBXBuildFile; fileRef = 1AD64DE5167A9E3500A89D5A /* ENSigner.m */; };
		1AD64DF4167A9E3500A89D5A /* ENAPIRequest.m in Sources */ = {isa = PBXBuildFile; fileRef = 1AD64DE7167A9E3500A89D5A /* ENAPIRequest.m */; };
		1AD64DF5167A9E3500A89D5A /* ENAPIRequest.m in Sources */ = {isa = PBXBuildFile; fileRef = 1AD64DE7167A9E3500A89D5A /* ENAPIRequest.m */; };
		1AD64DF6167A9E3500A89D5A /* ENAPIPostRequest.m in Sources */ = {isa = PBXBuildFile; fileRef = 1AD64DE9167A9E3500A89D5A /* ENAPIPostRequest.m */; };
		1AD64DF7167A9E3500A89D5A /* ENAPIPostRequest.m in Sources */ = {isa = PBXBuildFile; fileRef = 1AD64DE9167A9E3500A89D5A /* ENAPIPostRequest.m */; };
		1AD64DFA167A9E3500A89D5A /* NSData+MD5.m in Sources */ = {isa = PBXBuildFile; fileRef = 1AD64DED167A9E3500A89D5A /* NSData+MD5.m */; };
		1AD64DFB167A9E3500A89D5A /* NSData+MD5.m in Sources */ = {isa = PBXBuildFile; fileRef = 1AD64DED167A9E3500A89D5A /* NSData+MD5.m */; };
		1AD64DFC167A9E3500A89D5A /* NSMutableDictionary+QueryString.m in Sources */ = {isa = PBXBuildFile; fileRef = 1AD64DEF167A9E3500A89D5A /* NSMutableDictionary+QueryString.m */; };
		1AD64DFD167A9E3500A89D5A /* NSMutableDictionary+QueryString.m in Sources */ = {isa = PBXBuildFile; fileRef = 1AD64DEF167A9E3500A89D5A /* NSMutableDictionary+QueryString.m */; };
		1AD64DFE167A9E3500A89D5A /* ENParamDictionary.m in Sources */ = {isa = PBXBuildFile; fileRef = 1AD64DF1167A9E3500A89D5A /* ENParamDictionary.m */; };
		1AD64DFF167A9E3500A89D5A /* ENParamDictionary.m in Sources */ = {isa = PBXBuildFile; fileRef = 1AD64DF1167A9E3500A89D5A /* ENParamDictionary.m */; };
		1AD64E02167A9FFF00A89D5A /* Base64Transcoder.c in Sources */ = {isa = PBXBuildFile; fileRef = 1AD64E00167A9FFF00A89D5A /* Base64Transcoder.c */; };
		1AD64E03167A9FFF00A89D5A /* Base64Transcoder.c in Sources */ = {isa = PBXBuildFile; fileRef = 1AD64E00167A9FFF00A89D5A /* Base64Transcoder.c */; };
		1AD64E2D167AA2BC00A89D5A /* CFNetwork.framework in Frameworks */ = {isa = PBXBuildFile; fileRef = 1AD64E2C167AA2BC00A89D5A /* CFNetwork.framework */; };
		1AD64E2F167AA2C500A89D5A /* SystemConfiguration.framework in Frameworks */ = {isa = PBXBuildFile; fileRef = 1AD64E2E167AA2C500A89D5A /* SystemConfiguration.framework */; };
		1AD64E31167AA2CB00A89D5A /* Security.framework in Frameworks */ = {isa = PBXBuildFile; fileRef = 1AD64E30167AA2CB00A89D5A /* Security.framework */; };
		1AD64E44167AA70800A89D5A /* ASIDataCompressor.m in Sources */ = {isa = PBXBuildFile; fileRef = 1AD64E34167AA70400A89D5A /* ASIDataCompressor.m */; settings = {COMPILER_FLAGS = "-fno-objc-arc"; }; };
		1AD64E45167AA70800A89D5A /* ASIDataCompressor.m in Sources */ = {isa = PBXBuildFile; fileRef = 1AD64E34167AA70400A89D5A /* ASIDataCompressor.m */; };
		1AD64E46167AA70800A89D5A /* ASIDataDecompressor.m in Sources */ = {isa = PBXBuildFile; fileRef = 1AD64E36167AA70400A89D5A /* ASIDataDecompressor.m */; settings = {COMPILER_FLAGS = "-fno-objc-arc"; }; };
		1AD64E47167AA70800A89D5A /* ASIDataDecompressor.m in Sources */ = {isa = PBXBuildFile; fileRef = 1AD64E36167AA70400A89D5A /* ASIDataDecompressor.m */; };
		1AD64E48167AA70800A89D5A /* ASIDownloadCache.m in Sources */ = {isa = PBXBuildFile; fileRef = 1AD64E38167AA70400A89D5A /* ASIDownloadCache.m */; settings = {COMPILER_FLAGS = "-fno-objc-arc"; }; };
		1AD64E49167AA70800A89D5A /* ASIDownloadCache.m in Sources */ = {isa = PBXBuildFile; fileRef = 1AD64E38167AA70400A89D5A /* ASIDownloadCache.m */; };
		1AD64E4A167AA70800A89D5A /* ASIFormDataRequest.m in Sources */ = {isa = PBXBuildFile; fileRef = 1AD64E3A167AA70500A89D5A /* ASIFormDataRequest.m */; settings = {COMPILER_FLAGS = "-fno-objc-arc"; }; };
		1AD64E4B167AA70800A89D5A /* ASIFormDataRequest.m in Sources */ = {isa = PBXBuildFile; fileRef = 1AD64E3A167AA70500A89D5A /* ASIFormDataRequest.m */; };
		1AD64E4C167AA70800A89D5A /* ASIHTTPRequest.m in Sources */ = {isa = PBXBuildFile; fileRef = 1AD64E3C167AA70500A89D5A /* ASIHTTPRequest.m */; settings = {COMPILER_FLAGS = "-fno-objc-arc"; }; };
		1AD64E4D167AA70800A89D5A /* ASIHTTPRequest.m in Sources */ = {isa = PBXBuildFile; fileRef = 1AD64E3C167AA70500A89D5A /* ASIHTTPRequest.m */; };
		1AD64E4E167AA70800A89D5A /* ASIInputStream.m in Sources */ = {isa = PBXBuildFile; fileRef = 1AD64E40167AA70600A89D5A /* ASIInputStream.m */; settings = {COMPILER_FLAGS = "-fno-objc-arc"; }; };
		1AD64E4F167AA70800A89D5A /* ASIInputStream.m in Sources */ = {isa = PBXBuildFile; fileRef = 1AD64E40167AA70600A89D5A /* ASIInputStream.m */; };
		1AD64E50167AA70800A89D5A /* ASINetworkQueue.m in Sources */ = {isa = PBXBuildFile; fileRef = 1AD64E42167AA70700A89D5A /* ASINetworkQueue.m */; settings = {COMPILER_FLAGS = "-fno-objc-arc"; }; };
		1AD64E51167AA70800A89D5A /* ASINetworkQueue.m in Sources */ = {isa = PBXBuildFile; fileRef = 1AD64E42167AA70700A89D5A /* ASINetworkQueue.m */; };
		1AD64E54167AA75B00A89D5A /* CoreGraphics.framework in Frameworks */ = {isa = PBXBuildFile; fileRef = 1AD64E53167AA75B00A89D5A /* CoreGraphics.framework */; };
		1AD64E58167AA77D00A89D5A /* libz.dylib in Frameworks */ = {isa = PBXBuildFile; fileRef = 1AD64E57167AA77D00A89D5A /* libz.dylib */; };
		1AD64E72167AA82100A89D5A /* NSObject+SBJson.m in Sources */ = {isa = PBXBuildFile; fileRef = 1AD64E5A167AA81E00A89D5A /* NSObject+SBJson.m */; };
		1AD64E73167AA82100A89D5A /* NSObject+SBJson.m in Sources */ = {isa = PBXBuildFile; fileRef = 1AD64E5A167AA81E00A89D5A /* NSObject+SBJson.m */; };
		1AD64E74167AA82100A89D5A /* SBJsonParser.m in Sources */ = {isa = PBXBuildFile; fileRef = 1AD64E5D167AA81E00A89D5A /* SBJsonParser.m */; };
		1AD64E75167AA82100A89D5A /* SBJsonParser.m in Sources */ = {isa = PBXBuildFile; fileRef = 1AD64E5D167AA81E00A89D5A /* SBJsonParser.m */; };
		1AD64E76167AA82100A89D5A /* SBJsonStreamParser.m in Sources */ = {isa = PBXBuildFile; fileRef = 1AD64E5F167AA81E00A89D5A /* SBJsonStreamParser.m */; };
		1AD64E77167AA82100A89D5A /* SBJsonStreamParser.m in Sources */ = {isa = PBXBuildFile; fileRef = 1AD64E5F167AA81E00A89D5A /* SBJsonStreamParser.m */; };
		1AD64E78167AA82100A89D5A /* SBJsonStreamParserAccumulator.m in Sources */ = {isa = PBXBuildFile; fileRef = 1AD64E61167AA81F00A89D5A /* SBJsonStreamParserAccumulator.m */; };
		1AD64E79167AA82100A89D5A /* SBJsonStreamParserAccumulator.m in Sources */ = {isa = PBXBuildFile; fileRef = 1AD64E61167AA81F00A89D5A /* SBJsonStreamParserAccumulator.m */; };
		1AD64E7A167AA82100A89D5A /* SBJsonStreamParserAdapter.m in Sources */ = {isa = PBXBuildFile; fileRef = 1AD64E63167AA81F00A89D5A /* SBJsonStreamParserAdapter.m */; };
		1AD64E7B167AA82100A89D5A /* SBJsonStreamParserAdapter.m in Sources */ = {isa = PBXBuildFile; fileRef = 1AD64E63167AA81F00A89D5A /* SBJsonStreamParserAdapter.m */; };
		1AD64E7C167AA82100A89D5A /* SBJsonStreamParserState.m in Sources */ = {isa = PBXBuildFile; fileRef = 1AD64E65167AA81F00A89D5A /* SBJsonStreamParserState.m */; };
		1AD64E7D167AA82100A89D5A /* SBJsonStreamParserState.m in Sources */ = {isa = PBXBuildFile; fileRef = 1AD64E65167AA81F00A89D5A /* SBJsonStreamParserState.m */; };
		1AD64E7E167AA82100A89D5A /* SBJsonStreamWriter.m in Sources */ = {isa = PBXBuildFile; fileRef = 1AD64E67167AA82000A89D5A /* SBJsonStreamWriter.m */; };
		1AD64E7F167AA82100A89D5A /* SBJsonStreamWriter.m in Sources */ = {isa = PBXBuildFile; fileRef = 1AD64E67167AA82000A89D5A /* SBJsonStreamWriter.m */; };
		1AD64E80167AA82100A89D5A /* SBJsonStreamWriterAccumulator.m in Sources */ = {isa = PBXBuildFile; fileRef = 1AD64E69167AA82000A89D5A /* SBJsonStreamWriterAccumulator.m */; };
		1AD64E81167AA82100A89D5A /* SBJsonStreamWriterAccumulator.m in Sources */ = {isa = PBXBuildFile; fileRef = 1AD64E69167AA82000A89D5A /* SBJsonStreamWriterAccumulator.m */; };
		1AD64E82167AA82100A89D5A /* SBJsonStreamWriterState.m in Sources */ = {isa = PBXBuildFile; fileRef = 1AD64E6B167AA82000A89D5A /* SBJsonStreamWriterState.m */; };
		1AD64E83167AA82100A89D5A /* SBJsonStreamWriterState.m in Sources */ = {isa = PBXBuildFile; fileRef = 1AD64E6B167AA82000A89D5A /* SBJsonStreamWriterState.m */; };
		1AD64E84167AA82100A89D5A /* SBJsonTokeniser.m in Sources */ = {isa = PBXBuildFile; fileRef = 1AD64E6D167AA82000A89D5A /* SBJsonTokeniser.m */; };
		1AD64E85167AA82100A89D5A /* SBJsonTokeniser.m in Sources */ = {isa = PBXBuildFile; fileRef = 1AD64E6D167AA82000A89D5A /* SBJsonTokeniser.m */; };
		1AD64E86167AA82100A89D5A /* SBJsonUTF8Stream.m in Sources */ = {isa = PBXBuildFile; fileRef = 1AD64E6F167AA82100A89D5A /* SBJsonUTF8Stream.m */; };
		1AD64E87167AA82100A89D5A /* SBJsonUTF8Stream.m in Sources */ = {isa = PBXBuildFile; fileRef = 1AD64E6F167AA82100A89D5A /* SBJsonUTF8Stream.m */; };
		1AD64E88167AA82100A89D5A /* SBJsonWriter.m in Sources */ = {isa = PBXBuildFile; fileRef = 1AD64E71167AA82100A89D5A /* SBJsonWriter.m */; };
		1AD64E89167AA82100A89D5A /* SBJsonWriter.m in Sources */ = {isa = PBXBuildFile; fileRef = 1AD64E71167AA82100A89D5A /* SBJsonWriter.m */; };
		1ADB081516236E85002EA46E /* TimelineTrackBackgroundImage.png in Resources */ = {isa = PBXBuildFile; fileRef = 1ADB081416236E85002EA46E /* TimelineTrackBackgroundImage.png */; };
		1ADB081C1623827B002EA46E /* LibraryBackground.png in Resources */ = {isa = PBXBuildFile; fileRef = 1ADB081B1623827B002EA46E /* LibraryBackground.png */; };
		1ADB08231623899B002EA46E /* TabButton.png in Resources */ = {isa = PBXBuildFile; fileRef = 1ADB08211623899B002EA46E /* TabButton.png */; };
		1ADB08241623899B002EA46E /* TabButtonAlternate.png in Resources */ = {isa = PBXBuildFile; fileRef = 1ADB08221623899B002EA46E /* TabButtonAlternate.png */; };
		1AEF7BA1167BFD6A007230A4 /* MNCheckboxBackground.m in Sources */ = {isa = PBXBuildFile; fileRef = 1AEF7BA0167BFD69007230A4 /* MNCheckboxBackground.m */; };
		1AEF7BA5167BFDEC007230A4 /* MNCheckboxBackground1.m in Sources */ = {isa = PBXBuildFile; fileRef = 1AEF7BA4167BFDEC007230A4 /* MNCheckboxBackground1.m */; };
		1AEF7BA8167BFDF9007230A4 /* MNCheckboxBackground2.m in Sources */ = {isa = PBXBuildFile; fileRef = 1AEF7BA7167BFDF8007230A4 /* MNCheckboxBackground2.m */; };
		1AEF7BAB167BFE05007230A4 /* MNCheckboxBackground3.m in Sources */ = {isa = PBXBuildFile; fileRef = 1AEF7BAA167BFE05007230A4 /* MNCheckboxBackground3.m */; };
		1AEF7BAE167BFE1A007230A4 /* MNCheckboxBackground4.m in Sources */ = {isa = PBXBuildFile; fileRef = 1AEF7BAD167BFE1A007230A4 /* MNCheckboxBackground4.m */; };
		1AEF7BB1167BFE27007230A4 /* MNCheckboxBackground5.m in Sources */ = {isa = PBXBuildFile; fileRef = 1AEF7BB0167BFE26007230A4 /* MNCheckboxBackground5.m */; };
		1AEF7BB7167C3352007230A4 /* Empty.m4a in Resources */ = {isa = PBXBuildFile; fileRef = 1AEF7BB6167C3352007230A4 /* Empty.m4a */; };
		1AEF7BB8167C3352007230A4 /* Empty.m4a in Resources */ = {isa = PBXBuildFile; fileRef = 1AEF7BB6167C3352007230A4 /* Empty.m4a */; };
		1AFA925B1623DA64000E13B7 /* MNSequenceControlBoxSelectorViewController.m in Sources */ = {isa = PBXBuildFile; fileRef = 1AFA925A1623DA64000E13B7 /* MNSequenceControlBoxSelectorViewController.m */; };
		1AFA92601623DAB3000E13B7 /* MNSequenceChannelGroupSelectorViewController.m in Sources */ = {isa = PBXBuildFile; fileRef = 1AFA925F1623DAB3000E13B7 /* MNSequenceChannelGroupSelectorViewController.m */; };
		1AFA92631623DAC1000E13B7 /* MNSequenceCommandClusterSelectorViewController.m in Sources */ = {isa = PBXBuildFile; fileRef = 1AFA92621623DAC1000E13B7 /* MNSequenceCommandClusterSelectorViewController.m */; };
		1AFA92691623DADE000E13B7 /* MNSequenceAudioClipSelectorViewController.m in Sources */ = {isa = PBXBuildFile; fileRef = 1AFA92681623DADE000E13B7 /* MNSequenceAudioClipSelectorViewController.m */; };
/* End PBXBuildFile section */

/* Begin PBXContainerItemProxy section */
		1A028A14161CD20800B97A5B /* PBXContainerItemProxy */ = {
			isa = PBXContainerItemProxy;
			containerPortal = 1A0289E6161CD20800B97A5B /* Project object */;
			proxyType = 1;
			remoteGlobalIDString = 1A0289EE161CD20800B97A5B;
			remoteInfo = LightMaster;
		};
/* End PBXContainerItemProxy section */

/* Begin PBXFileReference section */
		1A0289EF161CD20800B97A5B /* LightMaster.app */ = {isa = PBXFileReference; explicitFileType = wrapper.application; includeInIndex = 0; path = LightMaster.app; sourceTree = BUILT_PRODUCTS_DIR; };
		1A0289F3161CD20800B97A5B /* Cocoa.framework */ = {isa = PBXFileReference; lastKnownFileType = wrapper.framework; name = Cocoa.framework; path = System/Library/Frameworks/Cocoa.framework; sourceTree = SDKROOT; };
		1A0289F6161CD20800B97A5B /* AppKit.framework */ = {isa = PBXFileReference; lastKnownFileType = wrapper.framework; name = AppKit.framework; path = System/Library/Frameworks/AppKit.framework; sourceTree = SDKROOT; };
		1A0289F7161CD20800B97A5B /* CoreData.framework */ = {isa = PBXFileReference; lastKnownFileType = wrapper.framework; name = CoreData.framework; path = System/Library/Frameworks/CoreData.framework; sourceTree = SDKROOT; };
		1A0289F8161CD20800B97A5B /* Foundation.framework */ = {isa = PBXFileReference; lastKnownFileType = wrapper.framework; name = Foundation.framework; path = System/Library/Frameworks/Foundation.framework; sourceTree = SDKROOT; };
		1A0289FB161CD20800B97A5B /* LightMaster-Info.plist */ = {isa = PBXFileReference; lastKnownFileType = text.plist.xml; path = "LightMaster-Info.plist"; sourceTree = "<group>"; };
		1A0289FD161CD20800B97A5B /* en */ = {isa = PBXFileReference; lastKnownFileType = text.plist.strings; name = en; path = en.lproj/InfoPlist.strings; sourceTree = "<group>"; };
		1A0289FF161CD20800B97A5B /* main.m */ = {isa = PBXFileReference; lastKnownFileType = sourcecode.c.objc; path = main.m; sourceTree = "<group>"; };
		1A028A01161CD20800B97A5B /* LightMaster-Prefix.pch */ = {isa = PBXFileReference; lastKnownFileType = sourcecode.c.h; path = "LightMaster-Prefix.pch"; sourceTree = "<group>"; };
		1A028A03161CD20800B97A5B /* en */ = {isa = PBXFileReference; lastKnownFileType = text.rtf; name = en; path = en.lproj/Credits.rtf; sourceTree = "<group>"; };
		1A028A09161CD20800B97A5B /* en */ = {isa = PBXFileReference; lastKnownFileType = file.xib; name = en; path = en.lproj/MainMenu.xib; sourceTree = "<group>"; };
		1A028A10161CD20800B97A5B /* LightMasterTests.octest */ = {isa = PBXFileReference; explicitFileType = wrapper.cfbundle; includeInIndex = 0; path = LightMasterTests.octest; sourceTree = BUILT_PRODUCTS_DIR; };
		1A028A11161CD20800B97A5B /* SenTestingKit.framework */ = {isa = PBXFileReference; lastKnownFileType = wrapper.framework; name = SenTestingKit.framework; path = Library/Frameworks/SenTestingKit.framework; sourceTree = DEVELOPER_DIR; };
		1A028A18161CD20800B97A5B /* LightMasterTests-Info.plist */ = {isa = PBXFileReference; lastKnownFileType = text.plist.xml; path = "LightMasterTests-Info.plist"; sourceTree = "<group>"; };
		1A028A1A161CD20800B97A5B /* en */ = {isa = PBXFileReference; lastKnownFileType = text.plist.strings; name = en; path = en.lproj/InfoPlist.strings; sourceTree = "<group>"; };
		1A028A1C161CD20800B97A5B /* LightMasterTests.h */ = {isa = PBXFileReference; lastKnownFileType = sourcecode.c.h; path = LightMasterTests.h; sourceTree = "<group>"; };
		1A028A1D161CD20800B97A5B /* LightMasterTests.m */ = {isa = PBXFileReference; lastKnownFileType = sourcecode.c.objc; path = LightMasterTests.m; sourceTree = "<group>"; };
		1A028A2B161CD23D00B97A5B /* MNTimelineViewController.h */ = {isa = PBXFileReference; fileEncoding = 4; lastKnownFileType = sourcecode.c.h; path = MNTimelineViewController.h; sourceTree = "<group>"; };
		1A028A2C161CD23D00B97A5B /* MNTimelineViewController.m */ = {isa = PBXFileReference; fileEncoding = 4; lastKnownFileType = sourcecode.c.objc; path = MNTimelineViewController.m; sourceTree = "<group>"; };
		1A028A66161CD36E00B97A5B /* Toolbar.tiff */ = {isa = PBXFileReference; lastKnownFileType = image.tiff; path = Toolbar.tiff; sourceTree = "<group>"; };
		1A028A67161CD36E00B97A5B /* FastForwardAlternate.tiff */ = {isa = PBXFileReference; lastKnownFileType = image.tiff; path = FastForwardAlternate.tiff; sourceTree = "<group>"; };
		1A028A68161CD36E00B97A5B /* PlayAlternate.tiff */ = {isa = PBXFileReference; lastKnownFileType = image.tiff; path = PlayAlternate.tiff; sourceTree = "<group>"; };
		1A028A69161CD36E00B97A5B /* RecordAlternate.tiff */ = {isa = PBXFileReference; lastKnownFileType = image.tiff; path = RecordAlternate.tiff; sourceTree = "<group>"; };
		1A028A6A161CD36E00B97A5B /* RewindAlternate.tiff */ = {isa = PBXFileReference; lastKnownFileType = image.tiff; path = RewindAlternate.tiff; sourceTree = "<group>"; };
		1A028A6B161CD36E00B97A5B /* SkipBackAlternate.tiff */ = {isa = PBXFileReference; lastKnownFileType = image.tiff; path = SkipBackAlternate.tiff; sourceTree = "<group>"; };
		1A028A6C161CD36E00B97A5B /* Record.tiff */ = {isa = PBXFileReference; lastKnownFileType = image.tiff; path = Record.tiff; sourceTree = "<group>"; };
		1A028A6D161CD36E00B97A5B /* FastForward.tiff */ = {isa = PBXFileReference; lastKnownFileType = image.tiff; path = FastForward.tiff; sourceTree = "<group>"; };
		1A028A6E161CD36E00B97A5B /* Play.tiff */ = {isa = PBXFileReference; lastKnownFileType = image.tiff; path = Play.tiff; sourceTree = "<group>"; };
		1A028A6F161CD36E00B97A5B /* Rewind.tiff */ = {isa = PBXFileReference; lastKnownFileType = image.tiff; path = Rewind.tiff; sourceTree = "<group>"; };
		1A028A70161CD36E00B97A5B /* SkipBack.tiff */ = {isa = PBXFileReference; lastKnownFileType = image.tiff; path = SkipBack.tiff; sourceTree = "<group>"; };
		1A028A71161CD36E00B97A5B /* TrackRecord.tiff */ = {isa = PBXFileReference; lastKnownFileType = image.tiff; path = TrackRecord.tiff; sourceTree = "<group>"; };
		1A028A72161CD36E00B97A5B /* TrackRecordBlank.tiff */ = {isa = PBXFileReference; lastKnownFileType = image.tiff; path = TrackRecordBlank.tiff; sourceTree = "<group>"; };
		1A028A73161CD36E00B97A5B /* CommandClusterBackground.tiff */ = {isa = PBXFileReference; lastKnownFileType = image.tiff; path = CommandClusterBackground.tiff; sourceTree = "<group>"; };
		1A028A74161CD36E00B97A5B /* MNControlBoxStyle.tiff */ = {isa = PBXFileReference; lastKnownFileType = image.tiff; path = MNControlBoxStyle.tiff; sourceTree = "<group>"; };
		1A028A75161CD36E00B97A5B /* MNChannelGroupStyle.tiff */ = {isa = PBXFileReference; lastKnownFileType = image.tiff; path = MNChannelGroupStyle.tiff; sourceTree = "<group>"; };
		1A028A76161CD36E00B97A5B /* MNAudioClipStyle.tiff */ = {isa = PBXFileReference; lastKnownFileType = image.tiff; path = MNAudioClipStyle.tiff; sourceTree = "<group>"; };
		1A028A8E161CD40000B97A5B /* MNData.h */ = {isa = PBXFileReference; fileEncoding = 4; lastKnownFileType = sourcecode.c.h; lineEnding = 0; path = MNData.h; sourceTree = "<group>"; xcLanguageSpecificationIdentifier = xcode.lang.objcpp; };
		1A028A8F161CD40000B97A5B /* MNData.m */ = {isa = PBXFileReference; fileEncoding = 4; lastKnownFileType = sourcecode.c.objc; lineEnding = 0; path = MNData.m; sourceTree = "<group>"; xcLanguageSpecificationIdentifier = xcode.lang.objc; };
		1A028A91161CD41B00B97A5B /* MNData_Model_Description.h */ = {isa = PBXFileReference; fileEncoding = 4; lastKnownFileType = sourcecode.c.h; lineEnding = 0; path = MNData_Model_Description.h; sourceTree = "<group>"; xcLanguageSpecificationIdentifier = xcode.lang.objcpp; };
		1A028A98161CD45700B97A5B /* MNToolbarViewController.h */ = {isa = PBXFileReference; fileEncoding = 4; lastKnownFileType = sourcecode.c.h; path = MNToolbarViewController.h; sourceTree = "<group>"; };
		1A028A99161CD45700B97A5B /* MNToolbarViewController.m */ = {isa = PBXFileReference; fileEncoding = 4; lastKnownFileType = sourcecode.c.objc; path = MNToolbarViewController.m; sourceTree = "<group>"; };
		1A028AB4161CD95A00B97A5B /* MNControlBoxLibraryManagerViewController.h */ = {isa = PBXFileReference; fileEncoding = 4; lastKnownFileType = sourcecode.c.h; path = MNControlBoxLibraryManagerViewController.h; sourceTree = "<group>"; };
		1A028AB5161CD95A00B97A5B /* MNControlBoxLibraryManagerViewController.m */ = {isa = PBXFileReference; fileEncoding = 4; lastKnownFileType = sourcecode.c.objc; path = MNControlBoxLibraryManagerViewController.m; sourceTree = "<group>"; };
		1A028AB7161CD96F00B97A5B /* MNCommandClusterLibraryManagerViewController.h */ = {isa = PBXFileReference; fileEncoding = 4; lastKnownFileType = sourcecode.c.h; path = MNCommandClusterLibraryManagerViewController.h; sourceTree = "<group>"; };
		1A028AB8161CD96F00B97A5B /* MNCommandClusterLibraryManagerViewController.m */ = {isa = PBXFileReference; fileEncoding = 4; lastKnownFileType = sourcecode.c.objc; path = MNCommandClusterLibraryManagerViewController.m; sourceTree = "<group>"; };
		1A028ABA161CD99C00B97A5B /* MNEffectLibraryManagerViewController.h */ = {isa = PBXFileReference; fileEncoding = 4; lastKnownFileType = sourcecode.c.h; lineEnding = 0; path = MNEffectLibraryManagerViewController.h; sourceTree = "<group>"; xcLanguageSpecificationIdentifier = xcode.lang.objcpp; };
		1A028ABB161CD99C00B97A5B /* MNEffectLibraryManagerViewController.m */ = {isa = PBXFileReference; fileEncoding = 4; lastKnownFileType = sourcecode.c.objc; lineEnding = 0; path = MNEffectLibraryManagerViewController.m; sourceTree = "<group>"; xcLanguageSpecificationIdentifier = xcode.lang.objc; };
		1A028ABD161CD9B000B97A5B /* MNAudioClipLibraryManagerViewController.h */ = {isa = PBXFileReference; fileEncoding = 4; lastKnownFileType = sourcecode.c.h; path = MNAudioClipLibraryManagerViewController.h; sourceTree = "<group>"; };
		1A028ABE161CD9B000B97A5B /* MNAudioClipLibraryManagerViewController.m */ = {isa = PBXFileReference; fileEncoding = 4; lastKnownFileType = sourcecode.c.objc; path = MNAudioClipLibraryManagerViewController.m; sourceTree = "<group>"; };
		1A028AC0161CD9F200B97A5B /* MNChannelGroupLibraryManagerViewController.h */ = {isa = PBXFileReference; fileEncoding = 4; lastKnownFileType = sourcecode.c.h; path = MNChannelGroupLibraryManagerViewController.h; sourceTree = "<group>"; };
		1A028AC1161CD9F200B97A5B /* MNChannelGroupLibraryManagerViewController.m */ = {isa = PBXFileReference; fileEncoding = 4; lastKnownFileType = sourcecode.c.objc; path = MNChannelGroupLibraryManagerViewController.m; sourceTree = "<group>"; };
		1A028AC3161CDA0000B97A5B /* MNSequenceLibraryManagerViewController.h */ = {isa = PBXFileReference; fileEncoding = 4; lastKnownFileType = sourcecode.c.h; path = MNSequenceLibraryManagerViewController.h; sourceTree = "<group>"; };
		1A028AC4161CDA0000B97A5B /* MNSequenceLibraryManagerViewController.m */ = {isa = PBXFileReference; fileEncoding = 4; lastKnownFileType = sourcecode.c.objc; path = MNSequenceLibraryManagerViewController.m; sourceTree = "<group>"; };
		1A028AC6161CDA2A00B97A5B /* MNSynchronizedScrollView.h */ = {isa = PBXFileReference; fileEncoding = 4; lastKnownFileType = sourcecode.c.h; path = MNSynchronizedScrollView.h; sourceTree = "<group>"; };
		1A028AC7161CDA2A00B97A5B /* MNSynchronizedScrollView.m */ = {isa = PBXFileReference; fileEncoding = 4; lastKnownFileType = sourcecode.c.objc; path = MNSynchronizedScrollView.m; sourceTree = "<group>"; };
		1A028AC9161CDA4A00B97A5B /* MNTimelineTracksView.h */ = {isa = PBXFileReference; fileEncoding = 4; lastKnownFileType = sourcecode.c.h; path = MNTimelineTracksView.h; sourceTree = "<group>"; };
		1A028ACA161CDA4A00B97A5B /* MNTimelineTracksView.m */ = {isa = PBXFileReference; fileEncoding = 4; lastKnownFileType = sourcecode.c.objc; path = MNTimelineTracksView.m; sourceTree = "<group>"; };
		1A028ACC161CDA7600B97A5B /* MNTimelineTrackHeadersView.h */ = {isa = PBXFileReference; fileEncoding = 4; lastKnownFileType = sourcecode.c.h; path = MNTimelineTrackHeadersView.h; sourceTree = "<group>"; };
		1A028ACD161CDA7600B97A5B /* MNTimelineTrackHeadersView.m */ = {isa = PBXFileReference; fileEncoding = 4; lastKnownFileType = sourcecode.c.objc; path = MNTimelineTrackHeadersView.m; sourceTree = "<group>"; };
		1A37E893163CC86C000105B5 /* MNAppDelegate.h */ = {isa = PBXFileReference; fileEncoding = 4; lastKnownFileType = sourcecode.c.h; path = MNAppDelegate.h; sourceTree = "<group>"; };
		1A37E894163CC86C000105B5 /* MNAppDelegate.m */ = {isa = PBXFileReference; fileEncoding = 4; lastKnownFileType = sourcecode.c.objc; path = MNAppDelegate.m; sourceTree = "<group>"; };
		1A487306163A44D000820C1D /* IOKit.framework */ = {isa = PBXFileReference; lastKnownFileType = wrapper.framework; name = IOKit.framework; path = System/Library/Frameworks/IOKit.framework; sourceTree = SDKROOT; };
		1A48730F163A542900820C1D /* ORSSerialPort.h */ = {isa = PBXFileReference; fileEncoding = 4; lastKnownFileType = sourcecode.c.h; path = ORSSerialPort.h; sourceTree = "<group>"; };
		1A487310163A542900820C1D /* ORSSerialPort.m */ = {isa = PBXFileReference; fileEncoding = 4; lastKnownFileType = sourcecode.c.objc; path = ORSSerialPort.m; sourceTree = "<group>"; };
		1A487311163A542900820C1D /* ORSSerialPortManager.h */ = {isa = PBXFileReference; fileEncoding = 4; lastKnownFileType = sourcecode.c.h; path = ORSSerialPortManager.h; sourceTree = "<group>"; };
		1A487312163A542900820C1D /* ORSSerialPortManager.m */ = {isa = PBXFileReference; fileEncoding = 4; lastKnownFileType = sourcecode.c.objc; path = ORSSerialPortManager.m; sourceTree = "<group>"; };
		1A4B7908161CF76B004D9E1C /* MNLibrariesViewController.h */ = {isa = PBXFileReference; fileEncoding = 4; lastKnownFileType = sourcecode.c.h; path = MNLibrariesViewController.h; sourceTree = "<group>"; };
		1A4B7909161CF76B004D9E1C /* MNLibrariesViewController.m */ = {isa = PBXFileReference; fileEncoding = 4; lastKnownFileType = sourcecode.c.objc; path = MNLibrariesViewController.m; sourceTree = "<group>"; };
		1A68DC7C163F2F4000A0D6FD /* Stars.icns */ = {isa = PBXFileReference; lastKnownFileType = image.icns; name = Stars.icns; path = ../Stars.icns; sourceTree = "<group>"; };
		1A68DC7E163F2F6700A0D6FD /* Stars.png */ = {isa = PBXFileReference; lastKnownFileType = image.png; path = Stars.png; sourceTree = "<group>"; };
		1A68DC7F163F2F6700A0D6FD /* Stars.artx */ = {isa = PBXFileReference; lastKnownFileType = wrapper; path = Stars.artx; sourceTree = "<group>"; };
		1A818A911624CC9E0054936E /* MNControlBoxChannelSelectorViewController.h */ = {isa = PBXFileReference; fileEncoding = 4; lastKnownFileType = sourcecode.c.h; path = MNControlBoxChannelSelectorViewController.h; sourceTree = "<group>"; };
		1A818A921624CC9E0054936E /* MNControlBoxChannelSelectorViewController.m */ = {isa = PBXFileReference; fileEncoding = 4; lastKnownFileType = sourcecode.c.objc; path = MNControlBoxChannelSelectorViewController.m; sourceTree = "<group>"; };
		1AAA049A162547940052A779 /* MNCommandClusterControlBoxSelectorViewController.h */ = {isa = PBXFileReference; fileEncoding = 4; lastKnownFileType = sourcecode.c.h; path = MNCommandClusterControlBoxSelectorViewController.h; sourceTree = "<group>"; };
		1AAA049B162547940052A779 /* MNCommandClusterControlBoxSelectorViewController.m */ = {isa = PBXFileReference; fileEncoding = 4; lastKnownFileType = sourcecode.c.objc; path = MNCommandClusterControlBoxSelectorViewController.m; sourceTree = "<group>"; };
		1AAA049D162547A60052A779 /* MNCommandClusterChannelGroupSelectorViewController.h */ = {isa = PBXFileReference; fileEncoding = 4; lastKnownFileType = sourcecode.c.h; path = MNCommandClusterChannelGroupSelectorViewController.h; sourceTree = "<group>"; };
		1AAA049E162547A60052A779 /* MNCommandClusterChannelGroupSelectorViewController.m */ = {isa = PBXFileReference; fileEncoding = 4; lastKnownFileType = sourcecode.c.objc; path = MNCommandClusterChannelGroupSelectorViewController.m; sourceTree = "<group>"; };
		1AAA04A0162547B70052A779 /* MNCommandChannelSelectorViewController.h */ = {isa = PBXFileReference; fileEncoding = 4; lastKnownFileType = sourcecode.c.h; path = MNCommandChannelSelectorViewController.h; sourceTree = "<group>"; };
		1AAA04A1162547B70052A779 /* MNCommandChannelSelectorViewController.m */ = {isa = PBXFileReference; fileEncoding = 4; lastKnownFileType = sourcecode.c.objc; path = MNCommandChannelSelectorViewController.m; sourceTree = "<group>"; };
		1AB96DBF16810BC700324EB5 /* CoreServices.framework */ = {isa = PBXFileReference; lastKnownFileType = wrapper.framework; name = CoreServices.framework; path = System/Library/Frameworks/CoreServices.framework; sourceTree = SDKROOT; };
		1AB96DC116810C7C00324EB5 /* ApplicationServices.framework */ = {isa = PBXFileReference; lastKnownFileType = wrapper.framework; name = ApplicationServices.framework; path = System/Library/Frameworks/ApplicationServices.framework; sourceTree = SDKROOT; };
		1ACEE380167452F200223109 /* Loop.tiff */ = {isa = PBXFileReference; lastKnownFileType = image.tiff; path = Loop.tiff; sourceTree = "<group>"; };
		1ACEE381167452F200223109 /* LoopAlternate.tiff */ = {isa = PBXFileReference; lastKnownFileType = image.tiff; path = LoopAlternate.tiff; sourceTree = "<group>"; };
		1AD64DDF167A9E2600A89D5A /* ENAPI.h */ = {isa = PBXFileReference; fileEncoding = 4; lastKnownFileType = sourcecode.c.h; path = ENAPI.h; sourceTree = "<group>"; };
		1AD64DE0167A9E2600A89D5A /* ENAPI.m */ = {isa = PBXFileReference; fileEncoding = 4; lastKnownFileType = sourcecode.c.objc; path = ENAPI.m; sourceTree = "<group>"; };
		1AD64DE3167A9E3500A89D5A /* ENAPI_utils.h */ = {isa = PBXFileReference; fileEncoding = 4; lastKnownFileType = sourcecode.c.h; path = ENAPI_utils.h; sourceTree = "<group>"; };
		1AD64DE4167A9E3500A89D5A /* ENSigner.h */ = {isa = PBXFileReference; fileEncoding = 4; lastKnownFileType = sourcecode.c.h; path = ENSigner.h; sourceTree = "<group>"; };
		1AD64DE5167A9E3500A89D5A /* ENSigner.m */ = {isa = PBXFileReference; fileEncoding = 4; lastKnownFileType = sourcecode.c.objc; path = ENSigner.m; sourceTree = "<group>"; };
		1AD64DE6167A9E3500A89D5A /* ENAPIRequest.h */ = {isa = PBXFileReference; fileEncoding = 4; lastKnownFileType = sourcecode.c.h; path = ENAPIRequest.h; sourceTree = "<group>"; };
		1AD64DE7167A9E3500A89D5A /* ENAPIRequest.m */ = {isa = PBXFileReference; fileEncoding = 4; lastKnownFileType = sourcecode.c.objc; path = ENAPIRequest.m; sourceTree = "<group>"; };
		1AD64DE8167A9E3500A89D5A /* ENAPIPostRequest.h */ = {isa = PBXFileReference; fileEncoding = 4; lastKnownFileType = sourcecode.c.h; path = ENAPIPostRequest.h; sourceTree = "<group>"; };
		1AD64DE9167A9E3500A89D5A /* ENAPIPostRequest.m */ = {isa = PBXFileReference; fileEncoding = 4; lastKnownFileType = sourcecode.c.objc; path = ENAPIPostRequest.m; sourceTree = "<group>"; };
		1AD64DEC167A9E3500A89D5A /* NSData+MD5.h */ = {isa = PBXFileReference; fileEncoding = 4; lastKnownFileType = sourcecode.c.h; path = "NSData+MD5.h"; sourceTree = "<group>"; };
		1AD64DED167A9E3500A89D5A /* NSData+MD5.m */ = {isa = PBXFileReference; fileEncoding = 4; lastKnownFileType = sourcecode.c.objc; path = "NSData+MD5.m"; sourceTree = "<group>"; };
		1AD64DEE167A9E3500A89D5A /* NSMutableDictionary+QueryString.h */ = {isa = PBXFileReference; fileEncoding = 4; lastKnownFileType = sourcecode.c.h; path = "NSMutableDictionary+QueryString.h"; sourceTree = "<group>"; };
		1AD64DEF167A9E3500A89D5A /* NSMutableDictionary+QueryString.m */ = {isa = PBXFileReference; fileEncoding = 4; lastKnownFileType = sourcecode.c.objc; path = "NSMutableDictionary+QueryString.m"; sourceTree = "<group>"; };
		1AD64DF0167A9E3500A89D5A /* ENParamDictionary.h */ = {isa = PBXFileReference; fileEncoding = 4; lastKnownFileType = sourcecode.c.h; path = ENParamDictionary.h; sourceTree = "<group>"; };
		1AD64DF1167A9E3500A89D5A /* ENParamDictionary.m */ = {isa = PBXFileReference; fileEncoding = 4; lastKnownFileType = sourcecode.c.objc; path = ENParamDictionary.m; sourceTree = "<group>"; };
		1AD64E00167A9FFF00A89D5A /* Base64Transcoder.c */ = {isa = PBXFileReference; fileEncoding = 4; lastKnownFileType = sourcecode.c.c; path = Base64Transcoder.c; sourceTree = "<group>"; };
		1AD64E01167A9FFF00A89D5A /* Base64Transcoder.h */ = {isa = PBXFileReference; fileEncoding = 4; lastKnownFileType = sourcecode.c.h; path = Base64Transcoder.h; sourceTree = "<group>"; };
		1AD64E2C167AA2BC00A89D5A /* CFNetwork.framework */ = {isa = PBXFileReference; lastKnownFileType = wrapper.framework; name = CFNetwork.framework; path = System/Library/Frameworks/CFNetwork.framework; sourceTree = SDKROOT; };
		1AD64E2E167AA2C500A89D5A /* SystemConfiguration.framework */ = {isa = PBXFileReference; lastKnownFileType = wrapper.framework; name = SystemConfiguration.framework; path = System/Library/Frameworks/SystemConfiguration.framework; sourceTree = SDKROOT; };
		1AD64E30167AA2CB00A89D5A /* Security.framework */ = {isa = PBXFileReference; lastKnownFileType = wrapper.framework; name = Security.framework; path = System/Library/Frameworks/Security.framework; sourceTree = SDKROOT; };
		1AD64E32167AA70300A89D5A /* ASICacheDelegate.h */ = {isa = PBXFileReference; fileEncoding = 4; lastKnownFileType = sourcecode.c.h; path = ASICacheDelegate.h; sourceTree = "<group>"; };
		1AD64E33167AA70400A89D5A /* ASIDataCompressor.h */ = {isa = PBXFileReference; fileEncoding = 4; lastKnownFileType = sourcecode.c.h; path = ASIDataCompressor.h; sourceTree = "<group>"; };
		1AD64E34167AA70400A89D5A /* ASIDataCompressor.m */ = {isa = PBXFileReference; fileEncoding = 4; lastKnownFileType = sourcecode.c.objc; path = ASIDataCompressor.m; sourceTree = "<group>"; };
		1AD64E35167AA70400A89D5A /* ASIDataDecompressor.h */ = {isa = PBXFileReference; fileEncoding = 4; lastKnownFileType = sourcecode.c.h; path = ASIDataDecompressor.h; sourceTree = "<group>"; };
		1AD64E36167AA70400A89D5A /* ASIDataDecompressor.m */ = {isa = PBXFileReference; fileEncoding = 4; lastKnownFileType = sourcecode.c.objc; path = ASIDataDecompressor.m; sourceTree = "<group>"; };
		1AD64E37167AA70400A89D5A /* ASIDownloadCache.h */ = {isa = PBXFileReference; fileEncoding = 4; lastKnownFileType = sourcecode.c.h; path = ASIDownloadCache.h; sourceTree = "<group>"; };
		1AD64E38167AA70400A89D5A /* ASIDownloadCache.m */ = {isa = PBXFileReference; fileEncoding = 4; lastKnownFileType = sourcecode.c.objc; path = ASIDownloadCache.m; sourceTree = "<group>"; };
		1AD64E39167AA70500A89D5A /* ASIFormDataRequest.h */ = {isa = PBXFileReference; fileEncoding = 4; lastKnownFileType = sourcecode.c.h; path = ASIFormDataRequest.h; sourceTree = "<group>"; };
		1AD64E3A167AA70500A89D5A /* ASIFormDataRequest.m */ = {isa = PBXFileReference; fileEncoding = 4; lastKnownFileType = sourcecode.c.objc; path = ASIFormDataRequest.m; sourceTree = "<group>"; };
		1AD64E3B167AA70500A89D5A /* ASIHTTPRequest.h */ = {isa = PBXFileReference; fileEncoding = 4; lastKnownFileType = sourcecode.c.h; path = ASIHTTPRequest.h; sourceTree = "<group>"; };
		1AD64E3C167AA70500A89D5A /* ASIHTTPRequest.m */ = {isa = PBXFileReference; fileEncoding = 4; lastKnownFileType = sourcecode.c.objc; path = ASIHTTPRequest.m; sourceTree = "<group>"; };
		1AD64E3D167AA70600A89D5A /* ASIHTTPRequestConfig.h */ = {isa = PBXFileReference; fileEncoding = 4; lastKnownFileType = sourcecode.c.h; path = ASIHTTPRequestConfig.h; sourceTree = "<group>"; };
		1AD64E3E167AA70600A89D5A /* ASIHTTPRequestDelegate.h */ = {isa = PBXFileReference; fileEncoding = 4; lastKnownFileType = sourcecode.c.h; path = ASIHTTPRequestDelegate.h; sourceTree = "<group>"; };
		1AD64E3F167AA70600A89D5A /* ASIInputStream.h */ = {isa = PBXFileReference; fileEncoding = 4; lastKnownFileType = sourcecode.c.h; path = ASIInputStream.h; sourceTree = "<group>"; };
		1AD64E40167AA70600A89D5A /* ASIInputStream.m */ = {isa = PBXFileReference; fileEncoding = 4; lastKnownFileType = sourcecode.c.objc; path = ASIInputStream.m; sourceTree = "<group>"; };
		1AD64E41167AA70600A89D5A /* ASINetworkQueue.h */ = {isa = PBXFileReference; fileEncoding = 4; lastKnownFileType = sourcecode.c.h; path = ASINetworkQueue.h; sourceTree = "<group>"; };
		1AD64E42167AA70700A89D5A /* ASINetworkQueue.m */ = {isa = PBXFileReference; fileEncoding = 4; lastKnownFileType = sourcecode.c.objc; path = ASINetworkQueue.m; sourceTree = "<group>"; };
		1AD64E43167AA70700A89D5A /* ASIProgressDelegate.h */ = {isa = PBXFileReference; fileEncoding = 4; lastKnownFileType = sourcecode.c.h; path = ASIProgressDelegate.h; sourceTree = "<group>"; };
		1AD64E53167AA75B00A89D5A /* CoreGraphics.framework */ = {isa = PBXFileReference; lastKnownFileType = wrapper.framework; name = CoreGraphics.framework; path = System/Library/Frameworks/CoreGraphics.framework; sourceTree = SDKROOT; };
		1AD64E57167AA77D00A89D5A /* libz.dylib */ = {isa = PBXFileReference; lastKnownFileType = "compiled.mach-o.dylib"; name = libz.dylib; path = usr/lib/libz.dylib; sourceTree = SDKROOT; };
		1AD64E59167AA81E00A89D5A /* NSObject+SBJson.h */ = {isa = PBXFileReference; fileEncoding = 4; lastKnownFileType = sourcecode.c.h; path = "NSObject+SBJson.h"; sourceTree = "<group>"; };
		1AD64E5A167AA81E00A89D5A /* NSObject+SBJson.m */ = {isa = PBXFileReference; fileEncoding = 4; lastKnownFileType = sourcecode.c.objc; path = "NSObject+SBJson.m"; sourceTree = "<group>"; };
		1AD64E5B167AA81E00A89D5A /* SBJson.h */ = {isa = PBXFileReference; fileEncoding = 4; lastKnownFileType = sourcecode.c.h; path = SBJson.h; sourceTree = "<group>"; };
		1AD64E5C167AA81E00A89D5A /* SBJsonParser.h */ = {isa = PBXFileReference; fileEncoding = 4; lastKnownFileType = sourcecode.c.h; path = SBJsonParser.h; sourceTree = "<group>"; };
		1AD64E5D167AA81E00A89D5A /* SBJsonParser.m */ = {isa = PBXFileReference; fileEncoding = 4; lastKnownFileType = sourcecode.c.objc; path = SBJsonParser.m; sourceTree = "<group>"; };
		1AD64E5E167AA81E00A89D5A /* SBJsonStreamParser.h */ = {isa = PBXFileReference; fileEncoding = 4; lastKnownFileType = sourcecode.c.h; path = SBJsonStreamParser.h; sourceTree = "<group>"; };
		1AD64E5F167AA81E00A89D5A /* SBJsonStreamParser.m */ = {isa = PBXFileReference; fileEncoding = 4; lastKnownFileType = sourcecode.c.objc; path = SBJsonStreamParser.m; sourceTree = "<group>"; };
		1AD64E60167AA81F00A89D5A /* SBJsonStreamParserAccumulator.h */ = {isa = PBXFileReference; fileEncoding = 4; lastKnownFileType = sourcecode.c.h; path = SBJsonStreamParserAccumulator.h; sourceTree = "<group>"; };
		1AD64E61167AA81F00A89D5A /* SBJsonStreamParserAccumulator.m */ = {isa = PBXFileReference; fileEncoding = 4; lastKnownFileType = sourcecode.c.objc; path = SBJsonStreamParserAccumulator.m; sourceTree = "<group>"; };
		1AD64E62167AA81F00A89D5A /* SBJsonStreamParserAdapter.h */ = {isa = PBXFileReference; fileEncoding = 4; lastKnownFileType = sourcecode.c.h; path = SBJsonStreamParserAdapter.h; sourceTree = "<group>"; };
		1AD64E63167AA81F00A89D5A /* SBJsonStreamParserAdapter.m */ = {isa = PBXFileReference; fileEncoding = 4; lastKnownFileType = sourcecode.c.objc; path = SBJsonStreamParserAdapter.m; sourceTree = "<group>"; };
		1AD64E64167AA81F00A89D5A /* SBJsonStreamParserState.h */ = {isa = PBXFileReference; fileEncoding = 4; lastKnownFileType = sourcecode.c.h; path = SBJsonStreamParserState.h; sourceTree = "<group>"; };
		1AD64E65167AA81F00A89D5A /* SBJsonStreamParserState.m */ = {isa = PBXFileReference; fileEncoding = 4; lastKnownFileType = sourcecode.c.objc; path = SBJsonStreamParserState.m; sourceTree = "<group>"; };
		1AD64E66167AA81F00A89D5A /* SBJsonStreamWriter.h */ = {isa = PBXFileReference; fileEncoding = 4; lastKnownFileType = sourcecode.c.h; path = SBJsonStreamWriter.h; sourceTree = "<group>"; };
		1AD64E67167AA82000A89D5A /* SBJsonStreamWriter.m */ = {isa = PBXFileReference; fileEncoding = 4; lastKnownFileType = sourcecode.c.objc; path = SBJsonStreamWriter.m; sourceTree = "<group>"; };
		1AD64E68167AA82000A89D5A /* SBJsonStreamWriterAccumulator.h */ = {isa = PBXFileReference; fileEncoding = 4; lastKnownFileType = sourcecode.c.h; path = SBJsonStreamWriterAccumulator.h; sourceTree = "<group>"; };
		1AD64E69167AA82000A89D5A /* SBJsonStreamWriterAccumulator.m */ = {isa = PBXFileReference; fileEncoding = 4; lastKnownFileType = sourcecode.c.objc; path = SBJsonStreamWriterAccumulator.m; sourceTree = "<group>"; };
		1AD64E6A167AA82000A89D5A /* SBJsonStreamWriterState.h */ = {isa = PBXFileReference; fileEncoding = 4; lastKnownFileType = sourcecode.c.h; path = SBJsonStreamWriterState.h; sourceTree = "<group>"; };
		1AD64E6B167AA82000A89D5A /* SBJsonStreamWriterState.m */ = {isa = PBXFileReference; fileEncoding = 4; lastKnownFileType = sourcecode.c.objc; path = SBJsonStreamWriterState.m; sourceTree = "<group>"; };
		1AD64E6C167AA82000A89D5A /* SBJsonTokeniser.h */ = {isa = PBXFileReference; fileEncoding = 4; lastKnownFileType = sourcecode.c.h; path = SBJsonTokeniser.h; sourceTree = "<group>"; };
		1AD64E6D167AA82000A89D5A /* SBJsonTokeniser.m */ = {isa = PBXFileReference; fileEncoding = 4; lastKnownFileType = sourcecode.c.objc; path = SBJsonTokeniser.m; sourceTree = "<group>"; };
		1AD64E6E167AA82000A89D5A /* SBJsonUTF8Stream.h */ = {isa = PBXFileReference; fileEncoding = 4; lastKnownFileType = sourcecode.c.h; path = SBJsonUTF8Stream.h; sourceTree = "<group>"; };
		1AD64E6F167AA82100A89D5A /* SBJsonUTF8Stream.m */ = {isa = PBXFileReference; fileEncoding = 4; lastKnownFileType = sourcecode.c.objc; path = SBJsonUTF8Stream.m; sourceTree = "<group>"; };
		1AD64E70167AA82100A89D5A /* SBJsonWriter.h */ = {isa = PBXFileReference; fileEncoding = 4; lastKnownFileType = sourcecode.c.h; path = SBJsonWriter.h; sourceTree = "<group>"; };
		1AD64E71167AA82100A89D5A /* SBJsonWriter.m */ = {isa = PBXFileReference; fileEncoding = 4; lastKnownFileType = sourcecode.c.objc; path = SBJsonWriter.m; sourceTree = "<group>"; };
		1ADB081416236E85002EA46E /* TimelineTrackBackgroundImage.png */ = {isa = PBXFileReference; lastKnownFileType = image.png; path = TimelineTrackBackgroundImage.png; sourceTree = "<group>"; };
		1ADB081B1623827B002EA46E /* LibraryBackground.png */ = {isa = PBXFileReference; lastKnownFileType = image.png; path = LibraryBackground.png; sourceTree = "<group>"; };
		1ADB08211623899B002EA46E /* TabButton.png */ = {isa = PBXFileReference; lastKnownFileType = image.png; path = TabButton.png; sourceTree = "<group>"; };
		1ADB08221623899B002EA46E /* TabButtonAlternate.png */ = {isa = PBXFileReference; lastKnownFileType = image.png; path = TabButtonAlternate.png; sourceTree = "<group>"; };
		1AEF7B9F167BFD69007230A4 /* MNCheckboxBackground.h */ = {isa = PBXFileReference; fileEncoding = 4; lastKnownFileType = sourcecode.c.h; path = MNCheckboxBackground.h; sourceTree = "<group>"; };
		1AEF7BA0167BFD69007230A4 /* MNCheckboxBackground.m */ = {isa = PBXFileReference; fileEncoding = 4; lastKnownFileType = sourcecode.c.objc; path = MNCheckboxBackground.m; sourceTree = "<group>"; };
		1AEF7BA3167BFDEC007230A4 /* MNCheckboxBackground1.h */ = {isa = PBXFileReference; fileEncoding = 4; lastKnownFileType = sourcecode.c.h; path = MNCheckboxBackground1.h; sourceTree = "<group>"; };
		1AEF7BA4167BFDEC007230A4 /* MNCheckboxBackground1.m */ = {isa = PBXFileReference; fileEncoding = 4; lastKnownFileType = sourcecode.c.objc; path = MNCheckboxBackground1.m; sourceTree = "<group>"; };
		1AEF7BA6167BFDF8007230A4 /* MNCheckboxBackground2.h */ = {isa = PBXFileReference; fileEncoding = 4; lastKnownFileType = sourcecode.c.h; path = MNCheckboxBackground2.h; sourceTree = "<group>"; };
		1AEF7BA7167BFDF8007230A4 /* MNCheckboxBackground2.m */ = {isa = PBXFileReference; fileEncoding = 4; lastKnownFileType = sourcecode.c.objc; path = MNCheckboxBackground2.m; sourceTree = "<group>"; };
		1AEF7BA9167BFE05007230A4 /* MNCheckboxBackground3.h */ = {isa = PBXFileReference; fileEncoding = 4; lastKnownFileType = sourcecode.c.h; path = MNCheckboxBackground3.h; sourceTree = "<group>"; };
		1AEF7BAA167BFE05007230A4 /* MNCheckboxBackground3.m */ = {isa = PBXFileReference; fileEncoding = 4; lastKnownFileType = sourcecode.c.objc; path = MNCheckboxBackground3.m; sourceTree = "<group>"; };
		1AEF7BAC167BFE1A007230A4 /* MNCheckboxBackground4.h */ = {isa = PBXFileReference; fileEncoding = 4; lastKnownFileType = sourcecode.c.h; path = MNCheckboxBackground4.h; sourceTree = "<group>"; };
		1AEF7BAD167BFE1A007230A4 /* MNCheckboxBackground4.m */ = {isa = PBXFileReference; fileEncoding = 4; lastKnownFileType = sourcecode.c.objc; path = MNCheckboxBackground4.m; sourceTree = "<group>"; };
		1AEF7BAF167BFE26007230A4 /* MNCheckboxBackground5.h */ = {isa = PBXFileReference; fileEncoding = 4; lastKnownFileType = sourcecode.c.h; path = MNCheckboxBackground5.h; sourceTree = "<group>"; };
		1AEF7BB0167BFE26007230A4 /* MNCheckboxBackground5.m */ = {isa = PBXFileReference; fileEncoding = 4; lastKnownFileType = sourcecode.c.objc; path = MNCheckboxBackground5.m; sourceTree = "<group>"; };
		1AEF7BB6167C3352007230A4 /* Empty.m4a */ = {isa = PBXFileReference; lastKnownFileType = file; path = Empty.m4a; sourceTree = "<group>"; };
		1AFA92591623DA64000E13B7 /* MNSequenceControlBoxSelectorViewController.h */ = {isa = PBXFileReference; fileEncoding = 4; lastKnownFileType = sourcecode.c.h; path = MNSequenceControlBoxSelectorViewController.h; sourceTree = "<group>"; };
		1AFA925A1623DA64000E13B7 /* MNSequenceControlBoxSelectorViewController.m */ = {isa = PBXFileReference; fileEncoding = 4; lastKnownFileType = sourcecode.c.objc; path = MNSequenceControlBoxSelectorViewController.m; sourceTree = "<group>"; };
		1AFA925E1623DAB3000E13B7 /* MNSequenceChannelGroupSelectorViewController.h */ = {isa = PBXFileReference; fileEncoding = 4; lastKnownFileType = sourcecode.c.h; path = MNSequenceChannelGroupSelectorViewController.h; sourceTree = "<group>"; };
		1AFA925F1623DAB3000E13B7 /* MNSequenceChannelGroupSelectorViewController.m */ = {isa = PBXFileReference; fileEncoding = 4; lastKnownFileType = sourcecode.c.objc; path = MNSequenceChannelGroupSelectorViewController.m; sourceTree = "<group>"; };
		1AFA92611623DAC1000E13B7 /* MNSequenceCommandClusterSelectorViewController.h */ = {isa = PBXFileReference; fileEncoding = 4; lastKnownFileType = sourcecode.c.h; path = MNSequenceCommandClusterSelectorViewController.h; sourceTree = "<group>"; };
		1AFA92621623DAC1000E13B7 /* MNSequenceCommandClusterSelectorViewController.m */ = {isa = PBXFileReference; fileEncoding = 4; lastKnownFileType = sourcecode.c.objc; path = MNSequenceCommandClusterSelectorViewController.m; sourceTree = "<group>"; };
		1AFA92671623DADE000E13B7 /* MNSequenceAudioClipSelectorViewController.h */ = {isa = PBXFileReference; fileEncoding = 4; lastKnownFileType = sourcecode.c.h; path = MNSequenceAudioClipSelectorViewController.h; sourceTree = "<group>"; };
		1AFA92681623DADE000E13B7 /* MNSequenceAudioClipSelectorViewController.m */ = {isa = PBXFileReference; fileEncoding = 4; lastKnownFileType = sourcecode.c.objc; path = MNSequenceAudioClipSelectorViewController.m; sourceTree = "<group>"; };
/* End PBXFileReference section */

/* Begin PBXFrameworksBuildPhase section */
		1A0289EC161CD20800B97A5B /* Frameworks */ = {
			isa = PBXFrameworksBuildPhase;
			buildActionMask = 2147483647;
			files = (
				1AB96DC216810C7D00324EB5 /* ApplicationServices.framework in Frameworks */,
				1AB96DC016810BC700324EB5 /* CoreServices.framework in Frameworks */,
				1AD64E58167AA77D00A89D5A /* libz.dylib in Frameworks */,
				1AD64E54167AA75B00A89D5A /* CoreGraphics.framework in Frameworks */,
				1AD64E31167AA2CB00A89D5A /* Security.framework in Frameworks */,
				1AD64E2F167AA2C500A89D5A /* SystemConfiguration.framework in Frameworks */,
				1AD64E2D167AA2BC00A89D5A /* CFNetwork.framework in Frameworks */,
				1A487307163A44D000820C1D /* IOKit.framework in Frameworks */,
				1A0289F4161CD20800B97A5B /* Cocoa.framework in Frameworks */,
			);
			runOnlyForDeploymentPostprocessing = 0;
		};
		1A028A0C161CD20800B97A5B /* Frameworks */ = {
			isa = PBXFrameworksBuildPhase;
			buildActionMask = 2147483647;
			files = (
				1A028A12161CD20800B97A5B /* SenTestingKit.framework in Frameworks */,
				1A028A13161CD20800B97A5B /* Cocoa.framework in Frameworks */,
			);
			runOnlyForDeploymentPostprocessing = 0;
		};
/* End PBXFrameworksBuildPhase section */

/* Begin PBXGroup section */
		1A0289E4161CD20800B97A5B = {
			isa = PBXGroup;
			children = (
				1A0289F9161CD20800B97A5B /* LightMaster */,
				1A028A16161CD20800B97A5B /* LightMasterTests */,
				1A0289F2161CD20800B97A5B /* Frameworks */,
				1A0289F0161CD20800B97A5B /* Products */,
			);
			sourceTree = "<group>";
		};
		1A0289F0161CD20800B97A5B /* Products */ = {
			isa = PBXGroup;
			children = (
				1A0289EF161CD20800B97A5B /* LightMaster.app */,
				1A028A10161CD20800B97A5B /* LightMasterTests.octest */,
			);
			name = Products;
			sourceTree = "<group>";
		};
		1A0289F2161CD20800B97A5B /* Frameworks */ = {
			isa = PBXGroup;
			children = (
				1AD64E57167AA77D00A89D5A /* libz.dylib */,
				1AB96DC116810C7C00324EB5 /* ApplicationServices.framework */,
				1AB96DBF16810BC700324EB5 /* CoreServices.framework */,
				1AD64E53167AA75B00A89D5A /* CoreGraphics.framework */,
				1AD64E30167AA2CB00A89D5A /* Security.framework */,
				1AD64E2E167AA2C500A89D5A /* SystemConfiguration.framework */,
				1AD64E2C167AA2BC00A89D5A /* CFNetwork.framework */,
				1A487306163A44D000820C1D /* IOKit.framework */,
				1A0289F3161CD20800B97A5B /* Cocoa.framework */,
				1A028A11161CD20800B97A5B /* SenTestingKit.framework */,
				1A0289F5161CD20800B97A5B /* Other Frameworks */,
			);
			name = Frameworks;
			sourceTree = "<group>";
		};
		1A0289F5161CD20800B97A5B /* Other Frameworks */ = {
			isa = PBXGroup;
			children = (
				1A0289F6161CD20800B97A5B /* AppKit.framework */,
				1A0289F7161CD20800B97A5B /* CoreData.framework */,
				1A0289F8161CD20800B97A5B /* Foundation.framework */,
			);
			name = "Other Frameworks";
			sourceTree = "<group>";
		};
		1A0289F9161CD20800B97A5B /* LightMaster */ = {
			isa = PBXGroup;
			children = (
				1A37E893163CC86C000105B5 /* MNAppDelegate.h */,
				1A37E894163CC86C000105B5 /* MNAppDelegate.m */,
				1A7AD4411852E89700EFDF68 /* XBee */,
				1AD64DDD167A9DD300A89D5A /* EchoNest */,
				1A37E8791634ECD9000105B5 /* Serial */,
				1A028A8D161CD38400B97A5B /* Data */,
				1A028A4F161CD34A00B97A5B /* View Controllers */,
				1A028A65161CD36300B97A5B /* Views */,
				1A028A88161CD37400B97A5B /* Images */,
				1A0289FA161CD20800B97A5B /* Supporting Files */,
			);
			path = LightMaster;
			sourceTree = "<group>";
		};
		1A0289FA161CD20800B97A5B /* Supporting Files */ = {
			isa = PBXGroup;
			children = (
				1A0289FB161CD20800B97A5B /* LightMaster-Info.plist */,
				1A0289FC161CD20800B97A5B /* InfoPlist.strings */,
				1A0289FF161CD20800B97A5B /* main.m */,
				1A028A01161CD20800B97A5B /* LightMaster-Prefix.pch */,
				1A028A02161CD20800B97A5B /* Credits.rtf */,
			);
			name = "Supporting Files";
			sourceTree = "<group>";
		};
		1A028A16161CD20800B97A5B /* LightMasterTests */ = {
			isa = PBXGroup;
			children = (
				1A028A1C161CD20800B97A5B /* LightMasterTests.h */,
				1A028A1D161CD20800B97A5B /* LightMasterTests.m */,
				1A028A17161CD20800B97A5B /* Supporting Files */,
			);
			path = LightMasterTests;
			sourceTree = "<group>";
		};
		1A028A17161CD20800B97A5B /* Supporting Files */ = {
			isa = PBXGroup;
			children = (
				1A028A18161CD20800B97A5B /* LightMasterTests-Info.plist */,
				1A028A19161CD20800B97A5B /* InfoPlist.strings */,
			);
			name = "Supporting Files";
			sourceTree = "<group>";
		};
		1A028A4F161CD34A00B97A5B /* View Controllers */ = {
			isa = PBXGroup;
			children = (
				1A028A2B161CD23D00B97A5B /* MNTimelineViewController.h */,
				1A028A2C161CD23D00B97A5B /* MNTimelineViewController.m */,
				1A4B7908161CF76B004D9E1C /* MNLibrariesViewController.h */,
				1A4B7909161CF76B004D9E1C /* MNLibrariesViewController.m */,
				1A028A98161CD45700B97A5B /* MNToolbarViewController.h */,
				1A028A99161CD45700B97A5B /* MNToolbarViewController.m */,
				1AEF7BB2167BFF4C007230A4 /* Checkbox Backgrounds */,
				1A028AB3161CD93B00B97A5B /* Library Managers */,
			);
			name = "View Controllers";
			sourceTree = "<group>";
		};
		1A028A65161CD36300B97A5B /* Views */ = {
			isa = PBXGroup;
			children = (
				1AAA04A5162655210052A779 /* TimelineViews */,
				1A028A08161CD20800B97A5B /* MainMenu.xib */,
			);
			name = Views;
			sourceTree = "<group>";
		};
		1A028A88161CD37400B97A5B /* Images */ = {
			isa = PBXGroup;
			children = (
				1AEF7BB6167C3352007230A4 /* Empty.m4a */,
				1A68DC7E163F2F6700A0D6FD /* Stars.png */,
				1A68DC7F163F2F6700A0D6FD /* Stars.artx */,
				1A68DC7C163F2F4000A0D6FD /* Stars.icns */,
				1ADB08211623899B002EA46E /* TabButton.png */,
				1ADB08221623899B002EA46E /* TabButtonAlternate.png */,
				1ADB081B1623827B002EA46E /* LibraryBackground.png */,
				1ADB081416236E85002EA46E /* TimelineTrackBackgroundImage.png */,
				1A028A66161CD36E00B97A5B /* Toolbar.tiff */,
				1ACEE380167452F200223109 /* Loop.tiff */,
				1ACEE381167452F200223109 /* LoopAlternate.tiff */,
				1A028A67161CD36E00B97A5B /* FastForwardAlternate.tiff */,
				1A028A68161CD36E00B97A5B /* PlayAlternate.tiff */,
				1A028A69161CD36E00B97A5B /* RecordAlternate.tiff */,
				1A028A6A161CD36E00B97A5B /* RewindAlternate.tiff */,
				1A028A6B161CD36E00B97A5B /* SkipBackAlternate.tiff */,
				1A028A6C161CD36E00B97A5B /* Record.tiff */,
				1A028A6D161CD36E00B97A5B /* FastForward.tiff */,
				1A028A6E161CD36E00B97A5B /* Play.tiff */,
				1A028A6F161CD36E00B97A5B /* Rewind.tiff */,
				1A028A70161CD36E00B97A5B /* SkipBack.tiff */,
				1A028A71161CD36E00B97A5B /* TrackRecord.tiff */,
				1A028A72161CD36E00B97A5B /* TrackRecordBlank.tiff */,
				1A028A73161CD36E00B97A5B /* CommandClusterBackground.tiff */,
				1A028A74161CD36E00B97A5B /* MNControlBoxStyle.tiff */,
				1A028A75161CD36E00B97A5B /* MNChannelGroupStyle.tiff */,
				1A028A76161CD36E00B97A5B /* MNAudioClipStyle.tiff */,
			);
			name = Images;
			sourceTree = "<group>";
		};
		1A028A8D161CD38400B97A5B /* Data */ = {
			isa = PBXGroup;
			children = (
				1A028A8E161CD40000B97A5B /* MNData.h */,
				1A028A8F161CD40000B97A5B /* MNData.m */,
				1A028A91161CD41B00B97A5B /* MNData_Model_Description.h */,
			);
			name = Data;
			sourceTree = "<group>";
		};
		1A028AB3161CD93B00B97A5B /* Library Managers */ = {
			isa = PBXGroup;
			children = (
				1AFA925D1623DA68000E13B7 /* SequenceLibrary */,
				1ADD72521623EF2C0071467F /* ControlBoxLibrary */,
				1A818A8F1624C8FB0054936E /* ChannelGroupLibrary */,
				1AAA049816253D1C0052A779 /* CommandClusterLibrary */,
				1AAA04A31625FBED0052A779 /* EffectClusterLibrary */,
				1AAA04A416260BA10052A779 /* AudioClipLibrary */,
			);
			name = "Library Managers";
			sourceTree = "<group>";
		};
		1A37E8791634ECD9000105B5 /* Serial */ = {
			isa = PBXGroup;
			children = (
				1A48730F163A542900820C1D /* ORSSerialPort.h */,
				1A487310163A542900820C1D /* ORSSerialPort.m */,
				1A487311163A542900820C1D /* ORSSerialPortManager.h */,
				1A487312163A542900820C1D /* ORSSerialPortManager.m */,
			);
			name = Serial;
			sourceTree = "<group>";
		};
		1A7AD4411852E89700EFDF68 /* XBee */ = {
			isa = PBXGroup;
			children = (
			);
			name = XBee;
			sourceTree = "<group>";
		};
		1A818A8F1624C8FB0054936E /* ChannelGroupLibrary */ = {
			isa = PBXGroup;
			children = (
				1A028AC0161CD9F200B97A5B /* MNChannelGroupLibraryManagerViewController.h */,
				1A028AC1161CD9F200B97A5B /* MNChannelGroupLibraryManagerViewController.m */,
				1A818A911624CC9E0054936E /* MNControlBoxChannelSelectorViewController.h */,
				1A818A921624CC9E0054936E /* MNControlBoxChannelSelectorViewController.m */,
			);
			name = ChannelGroupLibrary;
			sourceTree = "<group>";
		};
		1AAA049816253D1C0052A779 /* CommandClusterLibrary */ = {
			isa = PBXGroup;
			children = (
				1A028AB7161CD96F00B97A5B /* MNCommandClusterLibraryManagerViewController.h */,
				1A028AB8161CD96F00B97A5B /* MNCommandClusterLibraryManagerViewController.m */,
				1AAA049A162547940052A779 /* MNCommandClusterControlBoxSelectorViewController.h */,
				1AAA049B162547940052A779 /* MNCommandClusterControlBoxSelectorViewController.m */,
				1AAA049D162547A60052A779 /* MNCommandClusterChannelGroupSelectorViewController.h */,
				1AAA049E162547A60052A779 /* MNCommandClusterChannelGroupSelectorViewController.m */,
				1AAA04A0162547B70052A779 /* MNCommandChannelSelectorViewController.h */,
				1AAA04A1162547B70052A779 /* MNCommandChannelSelectorViewController.m */,
			);
			name = CommandClusterLibrary;
			sourceTree = "<group>";
		};
		1AAA04A31625FBED0052A779 /* EffectClusterLibrary */ = {
			isa = PBXGroup;
			children = (
				1A028ABA161CD99C00B97A5B /* MNEffectLibraryManagerViewController.h */,
				1A028ABB161CD99C00B97A5B /* MNEffectLibraryManagerViewController.m */,
			);
			name = EffectClusterLibrary;
			sourceTree = "<group>";
		};
		1AAA04A416260BA10052A779 /* AudioClipLibrary */ = {
			isa = PBXGroup;
			children = (
				1A028ABD161CD9B000B97A5B /* MNAudioClipLibraryManagerViewController.h */,
				1A028ABE161CD9B000B97A5B /* MNAudioClipLibraryManagerViewController.m */,
			);
			name = AudioClipLibrary;
			sourceTree = "<group>";
		};
		1AAA04A5162655210052A779 /* TimelineViews */ = {
			isa = PBXGroup;
			children = (
				1A028AC9161CDA4A00B97A5B /* MNTimelineTracksView.h */,
				1A028ACA161CDA4A00B97A5B /* MNTimelineTracksView.m */,
				1A028ACC161CDA7600B97A5B /* MNTimelineTrackHeadersView.h */,
				1A028ACD161CDA7600B97A5B /* MNTimelineTrackHeadersView.m */,
				1A028AC6161CDA2A00B97A5B /* MNSynchronizedScrollView.h */,
				1A028AC7161CDA2A00B97A5B /* MNSynchronizedScrollView.m */,
			);
			name = TimelineViews;
			sourceTree = "<group>";
		};
		1AD64DDD167A9DD300A89D5A /* EchoNest */ = {
			isa = PBXGroup;
			children = (
				1AD64DDF167A9E2600A89D5A /* ENAPI.h */,
				1AD64DE0167A9E2600A89D5A /* ENAPI.m */,
				1AD64DE3167A9E3500A89D5A /* ENAPI_utils.h */,
				1AD64DE4167A9E3500A89D5A /* ENSigner.h */,
				1AD64DE5167A9E3500A89D5A /* ENSigner.m */,
				1AD64DE6167A9E3500A89D5A /* ENAPIRequest.h */,
				1AD64DE7167A9E3500A89D5A /* ENAPIRequest.m */,
				1AD64DE8167A9E3500A89D5A /* ENAPIPostRequest.h */,
				1AD64DE9167A9E3500A89D5A /* ENAPIPostRequest.m */,
				1AD64DEC167A9E3500A89D5A /* NSData+MD5.h */,
				1AD64DED167A9E3500A89D5A /* NSData+MD5.m */,
				1AD64DEE167A9E3500A89D5A /* NSMutableDictionary+QueryString.h */,
				1AD64DEF167A9E3500A89D5A /* NSMutableDictionary+QueryString.m */,
				1AD64DF0167A9E3500A89D5A /* ENParamDictionary.h */,
				1AD64DF1167A9E3500A89D5A /* ENParamDictionary.m */,
				1AD64E01167A9FFF00A89D5A /* Base64Transcoder.h */,
				1AD64E00167A9FFF00A89D5A /* Base64Transcoder.c */,
				1AD64E8A167AA82800A89D5A /* JSON */,
				1AD64E52167AA70E00A89D5A /* ASI HTTP Request */,
			);
			name = EchoNest;
			sourceTree = "<group>";
		};
		1AD64E52167AA70E00A89D5A /* ASI HTTP Request */ = {
			isa = PBXGroup;
			children = (
				1AD64E32167AA70300A89D5A /* ASICacheDelegate.h */,
				1AD64E33167AA70400A89D5A /* ASIDataCompressor.h */,
				1AD64E34167AA70400A89D5A /* ASIDataCompressor.m */,
				1AD64E35167AA70400A89D5A /* ASIDataDecompressor.h */,
				1AD64E36167AA70400A89D5A /* ASIDataDecompressor.m */,
				1AD64E37167AA70400A89D5A /* ASIDownloadCache.h */,
				1AD64E38167AA70400A89D5A /* ASIDownloadCache.m */,
				1AD64E39167AA70500A89D5A /* ASIFormDataRequest.h */,
				1AD64E3A167AA70500A89D5A /* ASIFormDataRequest.m */,
				1AD64E3B167AA70500A89D5A /* ASIHTTPRequest.h */,
				1AD64E3C167AA70500A89D5A /* ASIHTTPRequest.m */,
				1AD64E3D167AA70600A89D5A /* ASIHTTPRequestConfig.h */,
				1AD64E3E167AA70600A89D5A /* ASIHTTPRequestDelegate.h */,
				1AD64E3F167AA70600A89D5A /* ASIInputStream.h */,
				1AD64E40167AA70600A89D5A /* ASIInputStream.m */,
				1AD64E41167AA70600A89D5A /* ASINetworkQueue.h */,
				1AD64E42167AA70700A89D5A /* ASINetworkQueue.m */,
				1AD64E43167AA70700A89D5A /* ASIProgressDelegate.h */,
			);
			name = "ASI HTTP Request";
			sourceTree = "<group>";
		};
		1AD64E8A167AA82800A89D5A /* JSON */ = {
			isa = PBXGroup;
			children = (
				1AD64E59167AA81E00A89D5A /* NSObject+SBJson.h */,
				1AD64E5A167AA81E00A89D5A /* NSObject+SBJson.m */,
				1AD64E5B167AA81E00A89D5A /* SBJson.h */,
				1AD64E5C167AA81E00A89D5A /* SBJsonParser.h */,
				1AD64E5D167AA81E00A89D5A /* SBJsonParser.m */,
				1AD64E5E167AA81E00A89D5A /* SBJsonStreamParser.h */,
				1AD64E5F167AA81E00A89D5A /* SBJsonStreamParser.m */,
				1AD64E60167AA81F00A89D5A /* SBJsonStreamParserAccumulator.h */,
				1AD64E61167AA81F00A89D5A /* SBJsonStreamParserAccumulator.m */,
				1AD64E62167AA81F00A89D5A /* SBJsonStreamParserAdapter.h */,
				1AD64E63167AA81F00A89D5A /* SBJsonStreamParserAdapter.m */,
				1AD64E64167AA81F00A89D5A /* SBJsonStreamParserState.h */,
				1AD64E65167AA81F00A89D5A /* SBJsonStreamParserState.m */,
				1AD64E66167AA81F00A89D5A /* SBJsonStreamWriter.h */,
				1AD64E67167AA82000A89D5A /* SBJsonStreamWriter.m */,
				1AD64E68167AA82000A89D5A /* SBJsonStreamWriterAccumulator.h */,
				1AD64E69167AA82000A89D5A /* SBJsonStreamWriterAccumulator.m */,
				1AD64E6A167AA82000A89D5A /* SBJsonStreamWriterState.h */,
				1AD64E6B167AA82000A89D5A /* SBJsonStreamWriterState.m */,
				1AD64E6C167AA82000A89D5A /* SBJsonTokeniser.h */,
				1AD64E6D167AA82000A89D5A /* SBJsonTokeniser.m */,
				1AD64E6E167AA82000A89D5A /* SBJsonUTF8Stream.h */,
				1AD64E6F167AA82100A89D5A /* SBJsonUTF8Stream.m */,
				1AD64E70167AA82100A89D5A /* SBJsonWriter.h */,
				1AD64E71167AA82100A89D5A /* SBJsonWriter.m */,
			);
			name = JSON;
			sourceTree = "<group>";
		};
		1ADD72521623EF2C0071467F /* ControlBoxLibrary */ = {
			isa = PBXGroup;
			children = (
				1A028AB4161CD95A00B97A5B /* MNControlBoxLibraryManagerViewController.h */,
				1A028AB5161CD95A00B97A5B /* MNControlBoxLibraryManagerViewController.m */,
			);
			name = ControlBoxLibrary;
			sourceTree = "<group>";
		};
		1AEF7BB2167BFF4C007230A4 /* Checkbox Backgrounds */ = {
			isa = PBXGroup;
			children = (
				1AEF7B9F167BFD69007230A4 /* MNCheckboxBackground.h */,
				1AEF7BA0167BFD69007230A4 /* MNCheckboxBackground.m */,
				1AEF7BA3167BFDEC007230A4 /* MNCheckboxBackground1.h */,
				1AEF7BA4167BFDEC007230A4 /* MNCheckboxBackground1.m */,
				1AEF7BA6167BFDF8007230A4 /* MNCheckboxBackground2.h */,
				1AEF7BA7167BFDF8007230A4 /* MNCheckboxBackground2.m */,
				1AEF7BA9167BFE05007230A4 /* MNCheckboxBackground3.h */,
				1AEF7BAA167BFE05007230A4 /* MNCheckboxBackground3.m */,
				1AEF7BAC167BFE1A007230A4 /* MNCheckboxBackground4.h */,
				1AEF7BAD167BFE1A007230A4 /* MNCheckboxBackground4.m */,
				1AEF7BAF167BFE26007230A4 /* MNCheckboxBackground5.h */,
				1AEF7BB0167BFE26007230A4 /* MNCheckboxBackground5.m */,
			);
			name = "Checkbox Backgrounds";
			sourceTree = "<group>";
		};
		1AFA925D1623DA68000E13B7 /* SequenceLibrary */ = {
			isa = PBXGroup;
			children = (
				1A028AC3161CDA0000B97A5B /* MNSequenceLibraryManagerViewController.h */,
				1A028AC4161CDA0000B97A5B /* MNSequenceLibraryManagerViewController.m */,
				1AFA92591623DA64000E13B7 /* MNSequenceControlBoxSelectorViewController.h */,
				1AFA925A1623DA64000E13B7 /* MNSequenceControlBoxSelectorViewController.m */,
				1AFA925E1623DAB3000E13B7 /* MNSequenceChannelGroupSelectorViewController.h */,
				1AFA925F1623DAB3000E13B7 /* MNSequenceChannelGroupSelectorViewController.m */,
				1AFA92611623DAC1000E13B7 /* MNSequenceCommandClusterSelectorViewController.h */,
				1AFA92621623DAC1000E13B7 /* MNSequenceCommandClusterSelectorViewController.m */,
				1AFA92671623DADE000E13B7 /* MNSequenceAudioClipSelectorViewController.h */,
				1AFA92681623DADE000E13B7 /* MNSequenceAudioClipSelectorViewController.m */,
			);
			name = SequenceLibrary;
			sourceTree = "<group>";
		};
/* End PBXGroup section */

/* Begin PBXNativeTarget section */
		1A0289EE161CD20800B97A5B /* LightMaster */ = {
			isa = PBXNativeTarget;
			buildConfigurationList = 1A028A21161CD20800B97A5B /* Build configuration list for PBXNativeTarget "LightMaster" */;
			buildPhases = (
				1A0289EB161CD20800B97A5B /* Sources */,
				1A0289EC161CD20800B97A5B /* Frameworks */,
				1A0289ED161CD20800B97A5B /* Resources */,
			);
			buildRules = (
			);
			dependencies = (
			);
			name = LightMaster;
			productName = LightMaster;
			productReference = 1A0289EF161CD20800B97A5B /* LightMaster.app */;
			productType = "com.apple.product-type.application";
		};
		1A028A0F161CD20800B97A5B /* LightMasterTests */ = {
			isa = PBXNativeTarget;
			buildConfigurationList = 1A028A24161CD20800B97A5B /* Build configuration list for PBXNativeTarget "LightMasterTests" */;
			buildPhases = (
				1A028A0B161CD20800B97A5B /* Sources */,
				1A028A0C161CD20800B97A5B /* Frameworks */,
				1A028A0D161CD20800B97A5B /* Resources */,
				1A028A0E161CD20800B97A5B /* ShellScript */,
			);
			buildRules = (
			);
			dependencies = (
				1A028A15161CD20800B97A5B /* PBXTargetDependency */,
			);
			name = LightMasterTests;
			productName = LightMasterTests;
			productReference = 1A028A10161CD20800B97A5B /* LightMasterTests.octest */;
			productType = "com.apple.product-type.bundle";
		};
/* End PBXNativeTarget section */

/* Begin PBXProject section */
		1A0289E6161CD20800B97A5B /* Project object */ = {
			isa = PBXProject;
			attributes = {
				CLASSPREFIX = MN;
				LastUpgradeCheck = 0500;
				ORGANIZATIONNAME = "James Adams";
			};
			buildConfigurationList = 1A0289E9161CD20800B97A5B /* Build configuration list for PBXProject "LightMaster" */;
			compatibilityVersion = "Xcode 3.2";
			developmentRegion = English;
			hasScannedForEncodings = 0;
			knownRegions = (
				en,
			);
			mainGroup = 1A0289E4161CD20800B97A5B;
			productRefGroup = 1A0289F0161CD20800B97A5B /* Products */;
			projectDirPath = "";
			projectRoot = "";
			targets = (
				1A0289EE161CD20800B97A5B /* LightMaster */,
				1A028A0F161CD20800B97A5B /* LightMasterTests */,
			);
		};
/* End PBXProject section */

/* Begin PBXResourcesBuildPhase section */
		1A0289ED161CD20800B97A5B /* Resources */ = {
			isa = PBXResourcesBuildPhase;
			buildActionMask = 2147483647;
			files = (
				1A0289FE161CD20800B97A5B /* InfoPlist.strings in Resources */,
				1A028A04161CD20800B97A5B /* Credits.rtf in Resources */,
				1A028A0A161CD20800B97A5B /* MainMenu.xib in Resources */,
				1A028A77161CD36E00B97A5B /* Toolbar.tiff in Resources */,
				1A028A78161CD36E00B97A5B /* FastForwardAlternate.tiff in Resources */,
				1A028A79161CD36E00B97A5B /* PlayAlternate.tiff in Resources */,
				1A028A7A161CD36E00B97A5B /* RecordAlternate.tiff in Resources */,
				1A028A7B161CD36E00B97A5B /* RewindAlternate.tiff in Resources */,
				1A028A7C161CD36E00B97A5B /* SkipBackAlternate.tiff in Resources */,
				1A028A7D161CD36E00B97A5B /* Record.tiff in Resources */,
				1A028A7E161CD36E00B97A5B /* FastForward.tiff in Resources */,
				1A028A7F161CD36E00B97A5B /* Play.tiff in Resources */,
				1A028A80161CD36E00B97A5B /* Rewind.tiff in Resources */,
				1A028A81161CD36E00B97A5B /* SkipBack.tiff in Resources */,
				1A028A82161CD36E00B97A5B /* TrackRecord.tiff in Resources */,
				1A028A83161CD36E00B97A5B /* TrackRecordBlank.tiff in Resources */,
				1A028A84161CD36E00B97A5B /* CommandClusterBackground.tiff in Resources */,
				1A028A85161CD36E00B97A5B /* MNControlBoxStyle.tiff in Resources */,
				1A028A86161CD36E00B97A5B /* MNChannelGroupStyle.tiff in Resources */,
				1A028A87161CD36E00B97A5B /* MNAudioClipStyle.tiff in Resources */,
				1ADB081516236E85002EA46E /* TimelineTrackBackgroundImage.png in Resources */,
				1ADB081C1623827B002EA46E /* LibraryBackground.png in Resources */,
				1ADB08231623899B002EA46E /* TabButton.png in Resources */,
				1ADB08241623899B002EA46E /* TabButtonAlternate.png in Resources */,
				1A68DC7D163F2F4000A0D6FD /* Stars.icns in Resources */,
				1A68DC80163F2F6700A0D6FD /* Stars.png in Resources */,
				1A68DC81163F2F6700A0D6FD /* Stars.artx in Resources */,
				1ACEE382167452F200223109 /* Loop.tiff in Resources */,
				1ACEE383167452F200223109 /* LoopAlternate.tiff in Resources */,
				1AEF7BB7167C3352007230A4 /* Empty.m4a in Resources */,
			);
			runOnlyForDeploymentPostprocessing = 0;
		};
		1A028A0D161CD20800B97A5B /* Resources */ = {
			isa = PBXResourcesBuildPhase;
			buildActionMask = 2147483647;
			files = (
				1A028A1B161CD20800B97A5B /* InfoPlist.strings in Resources */,
				1AEF7BB8167C3352007230A4 /* Empty.m4a in Resources */,
			);
			runOnlyForDeploymentPostprocessing = 0;
		};
/* End PBXResourcesBuildPhase section */

/* Begin PBXShellScriptBuildPhase section */
		1A028A0E161CD20800B97A5B /* ShellScript */ = {
			isa = PBXShellScriptBuildPhase;
			buildActionMask = 2147483647;
			files = (
			);
			inputPaths = (
			);
			outputPaths = (
			);
			runOnlyForDeploymentPostprocessing = 0;
			shellPath = /bin/sh;
			shellScript = "# Run the unit tests in this test bundle.\n\"${SYSTEM_DEVELOPER_DIR}/Tools/RunUnitTests\"\n";
		};
/* End PBXShellScriptBuildPhase section */

/* Begin PBXSourcesBuildPhase section */
		1A0289EB161CD20800B97A5B /* Sources */ = {
			isa = PBXSourcesBuildPhase;
			buildActionMask = 2147483647;
			files = (
				1A487316163A543400820C1D /* ORSSerialPortManager.m in Sources */,
				1A487315163A543000820C1D /* ORSSerialPort.m in Sources */,
				1A028A00161CD20800B97A5B /* main.m in Sources */,
				1A028A2D161CD23D00B97A5B /* MNTimelineViewController.m in Sources */,
				1A028A90161CD40000B97A5B /* MNData.m in Sources */,
				1A028A9A161CD45700B97A5B /* MNToolbarViewController.m in Sources */,
				1A028AB6161CD95A00B97A5B /* MNControlBoxLibraryManagerViewController.m in Sources */,
				1A028AB9161CD96F00B97A5B /* MNCommandClusterLibraryManagerViewController.m in Sources */,
				1A028ABC161CD99C00B97A5B /* MNEffectLibraryManagerViewController.m in Sources */,
				1A028ABF161CD9B000B97A5B /* MNAudioClipLibraryManagerViewController.m in Sources */,
				1A028AC2161CD9F200B97A5B /* MNChannelGroupLibraryManagerViewController.m in Sources */,
				1A028AC5161CDA0000B97A5B /* MNSequenceLibraryManagerViewController.m in Sources */,
				1A028AC8161CDA2A00B97A5B /* MNSynchronizedScrollView.m in Sources */,
				1A028ACB161CDA4A00B97A5B /* MNTimelineTracksView.m in Sources */,
				1A028ACE161CDA7600B97A5B /* MNTimelineTrackHeadersView.m in Sources */,
				1A4B790A161CF76B004D9E1C /* MNLibrariesViewController.m in Sources */,
				1AFA925B1623DA64000E13B7 /* MNSequenceControlBoxSelectorViewController.m in Sources */,
				1AFA92601623DAB3000E13B7 /* MNSequenceChannelGroupSelectorViewController.m in Sources */,
				1AFA92631623DAC1000E13B7 /* MNSequenceCommandClusterSelectorViewController.m in Sources */,
				1AFA92691623DADE000E13B7 /* MNSequenceAudioClipSelectorViewController.m in Sources */,
				1A818A931624CC9E0054936E /* MNControlBoxChannelSelectorViewController.m in Sources */,
				1AAA049C162547940052A779 /* MNCommandClusterControlBoxSelectorViewController.m in Sources */,
				1AAA049F162547A60052A779 /* MNCommandClusterChannelGroupSelectorViewController.m in Sources */,
				1AAA04A2162547B70052A779 /* MNCommandChannelSelectorViewController.m in Sources */,
				1A37E895163CC86C000105B5 /* MNAppDelegate.m in Sources */,
				1AD64DE1167A9E2600A89D5A /* ENAPI.m in Sources */,
				1AD64DF2167A9E3500A89D5A /* ENSigner.m in Sources */,
				1AD64DF4167A9E3500A89D5A /* ENAPIRequest.m in Sources */,
				1AD64DF6167A9E3500A89D5A /* ENAPIPostRequest.m in Sources */,
				1AD64DFA167A9E3500A89D5A /* NSData+MD5.m in Sources */,
				1AD64DFC167A9E3500A89D5A /* NSMutableDictionary+QueryString.m in Sources */,
				1AD64DFE167A9E3500A89D5A /* ENParamDictionary.m in Sources */,
				1AD64E02167A9FFF00A89D5A /* Base64Transcoder.c in Sources */,
				1AD64E44167AA70800A89D5A /* ASIDataCompressor.m in Sources */,
				1AD64E46167AA70800A89D5A /* ASIDataDecompressor.m in Sources */,
				1AD64E48167AA70800A89D5A /* ASIDownloadCache.m in Sources */,
				1AD64E4A167AA70800A89D5A /* ASIFormDataRequest.m in Sources */,
				1AD64E4C167AA70800A89D5A /* ASIHTTPRequest.m in Sources */,
				1AD64E4E167AA70800A89D5A /* ASIInputStream.m in Sources */,
				1AD64E50167AA70800A89D5A /* ASINetworkQueue.m in Sources */,
				1AD64E72167AA82100A89D5A /* NSObject+SBJson.m in Sources */,
				1AD64E74167AA82100A89D5A /* SBJsonParser.m in Sources */,
				1AD64E76167AA82100A89D5A /* SBJsonStreamParser.m in Sources */,
				1AD64E78167AA82100A89D5A /* SBJsonStreamParserAccumulator.m in Sources */,
				1AD64E7A167AA82100A89D5A /* SBJsonStreamParserAdapter.m in Sources */,
				1AD64E7C167AA82100A89D5A /* SBJsonStreamParserState.m in Sources */,
				1AD64E7E167AA82100A89D5A /* SBJsonStreamWriter.m in Sources */,
				1AD64E80167AA82100A89D5A /* SBJsonStreamWriterAccumulator.m in Sources */,
				1AD64E82167AA82100A89D5A /* SBJsonStreamWriterState.m in Sources */,
				1AD64E84167AA82100A89D5A /* SBJsonTokeniser.m in Sources */,
				1AD64E86167AA82100A89D5A /* SBJsonUTF8Stream.m in Sources */,
				1AD64E88167AA82100A89D5A /* SBJsonWriter.m in Sources */,
				1AEF7BA1167BFD6A007230A4 /* MNCheckboxBackground.m in Sources */,
				1AEF7BA5167BFDEC007230A4 /* MNCheckboxBackground1.m in Sources */,
				1AEF7BA8167BFDF9007230A4 /* MNCheckboxBackground2.m in Sources */,
				1AEF7BAB167BFE05007230A4 /* MNCheckboxBackground3.m in Sources */,
				1AEF7BAE167BFE1A007230A4 /* MNCheckboxBackground4.m in Sources */,
				1AEF7BB1167BFE27007230A4 /* MNCheckboxBackground5.m in Sources */,
			);
			runOnlyForDeploymentPostprocessing = 0;
		};
		1A028A0B161CD20800B97A5B /* Sources */ = {
			isa = PBXSourcesBuildPhase;
			buildActionMask = 2147483647;
			files = (
				1A028A1E161CD20800B97A5B /* LightMasterTests.m in Sources */,
				1A487313163A542900820C1D /* ORSSerialPort.m in Sources */,
				1A487314163A542900820C1D /* ORSSerialPortManager.m in Sources */,
				1AD64DE2167A9E2600A89D5A /* ENAPI.m in Sources */,
				1AD64DF3167A9E3500A89D5A /* ENSigner.m in Sources */,
				1AD64DF5167A9E3500A89D5A /* ENAPIRequest.m in Sources */,
				1AD64DF7167A9E3500A89D5A /* ENAPIPostRequest.m in Sources */,
				1AD64DFB167A9E3500A89D5A /* NSData+MD5.m in Sources */,
				1AD64DFD167A9E3500A89D5A /* NSMutableDictionary+QueryString.m in Sources */,
				1AD64DFF167A9E3500A89D5A /* ENParamDictionary.m in Sources */,
				1AD64E03167A9FFF00A89D5A /* Base64Transcoder.c in Sources */,
				1AD64E45167AA70800A89D5A /* ASIDataCompressor.m in Sources */,
				1AD64E47167AA70800A89D5A /* ASIDataDecompressor.m in Sources */,
				1AD64E49167AA70800A89D5A /* ASIDownloadCache.m in Sources */,
				1AD64E4B167AA70800A89D5A /* ASIFormDataRequest.m in Sources */,
				1AD64E4D167AA70800A89D5A /* ASIHTTPRequest.m in Sources */,
				1AD64E4F167AA70800A89D5A /* ASIInputStream.m in Sources */,
				1AD64E51167AA70800A89D5A /* ASINetworkQueue.m in Sources */,
				1AD64E73167AA82100A89D5A /* NSObject+SBJson.m in Sources */,
				1AD64E75167AA82100A89D5A /* SBJsonParser.m in Sources */,
				1AD64E77167AA82100A89D5A /* SBJsonStreamParser.m in Sources */,
				1AD64E79167AA82100A89D5A /* SBJsonStreamParserAccumulator.m in Sources */,
				1AD64E7B167AA82100A89D5A /* SBJsonStreamParserAdapter.m in Sources */,
				1AD64E7D167AA82100A89D5A /* SBJsonStreamParserState.m in Sources */,
				1AD64E7F167AA82100A89D5A /* SBJsonStreamWriter.m in Sources */,
				1AD64E81167AA82100A89D5A /* SBJsonStreamWriterAccumulator.m in Sources */,
				1AD64E83167AA82100A89D5A /* SBJsonStreamWriterState.m in Sources */,
				1AD64E85167AA82100A89D5A /* SBJsonTokeniser.m in Sources */,
				1AD64E87167AA82100A89D5A /* SBJsonUTF8Stream.m in Sources */,
				1AD64E89167AA82100A89D5A /* SBJsonWriter.m in Sources */,
			);
			runOnlyForDeploymentPostprocessing = 0;
		};
/* End PBXSourcesBuildPhase section */

/* Begin PBXTargetDependency section */
		1A028A15161CD20800B97A5B /* PBXTargetDependency */ = {
			isa = PBXTargetDependency;
			target = 1A0289EE161CD20800B97A5B /* LightMaster */;
			targetProxy = 1A028A14161CD20800B97A5B /* PBXContainerItemProxy */;
		};
/* End PBXTargetDependency section */

/* Begin PBXVariantGroup section */
		1A0289FC161CD20800B97A5B /* InfoPlist.strings */ = {
			isa = PBXVariantGroup;
			children = (
				1A0289FD161CD20800B97A5B /* en */,
			);
			name = InfoPlist.strings;
			sourceTree = "<group>";
		};
		1A028A02161CD20800B97A5B /* Credits.rtf */ = {
			isa = PBXVariantGroup;
			children = (
				1A028A03161CD20800B97A5B /* en */,
			);
			name = Credits.rtf;
			sourceTree = "<group>";
		};
		1A028A08161CD20800B97A5B /* MainMenu.xib */ = {
			isa = PBXVariantGroup;
			children = (
				1A028A09161CD20800B97A5B /* en */,
			);
			name = MainMenu.xib;
			sourceTree = "<group>";
		};
		1A028A19161CD20800B97A5B /* InfoPlist.strings */ = {
			isa = PBXVariantGroup;
			children = (
				1A028A1A161CD20800B97A5B /* en */,
			);
			name = InfoPlist.strings;
			sourceTree = "<group>";
		};
/* End PBXVariantGroup section */

/* Begin XCBuildConfiguration section */
		1A028A1F161CD20800B97A5B /* Debug */ = {
			isa = XCBuildConfiguration;
			buildSettings = {
				ALWAYS_SEARCH_USER_PATHS = NO;
				CLANG_CXX_LANGUAGE_STANDARD = "gnu++0x";
				CLANG_CXX_LIBRARY = "libc++";
				CLANG_ENABLE_OBJC_ARC = YES;
				CLANG_WARN_EMPTY_BODY = YES;
				CLANG_WARN__DUPLICATE_METHOD_MATCH = YES;
				COPY_PHASE_STRIP = NO;
				GCC_C_LANGUAGE_STANDARD = gnu99;
				GCC_DYNAMIC_NO_PIC = NO;
				GCC_ENABLE_OBJC_EXCEPTIONS = YES;
				GCC_OPTIMIZATION_LEVEL = 0;
				GCC_PREPROCESSOR_DEFINITIONS = (
					"DEBUG=1",
					"$(inherited)",
				);
				GCC_SYMBOLS_PRIVATE_EXTERN = NO;
				GCC_WARN_64_TO_32_BIT_CONVERSION = YES;
				GCC_WARN_ABOUT_RETURN_TYPE = YES;
				GCC_WARN_UNINITIALIZED_AUTOS = YES;
				GCC_WARN_UNUSED_VARIABLE = YES;
				MACOSX_DEPLOYMENT_TARGET = 10.8;
				ONLY_ACTIVE_ARCH = YES;
				SDKROOT = macosx;
			};
			name = Debug;
		};
		1A028A20161CD20800B97A5B /* Release */ = {
			isa = XCBuildConfiguration;
			buildSettings = {
				ALWAYS_SEARCH_USER_PATHS = NO;
				CLANG_CXX_LANGUAGE_STANDARD = "gnu++0x";
				CLANG_CXX_LIBRARY = "libc++";
				CLANG_ENABLE_OBJC_ARC = YES;
				CLANG_WARN_EMPTY_BODY = YES;
				CLANG_WARN__DUPLICATE_METHOD_MATCH = YES;
				COPY_PHASE_STRIP = YES;
				DEBUG_INFORMATION_FORMAT = "dwarf-with-dsym";
				GCC_C_LANGUAGE_STANDARD = gnu99;
				GCC_ENABLE_OBJC_EXCEPTIONS = YES;
				GCC_WARN_64_TO_32_BIT_CONVERSION = YES;
				GCC_WARN_ABOUT_RETURN_TYPE = YES;
				GCC_WARN_UNINITIALIZED_AUTOS = YES;
				GCC_WARN_UNUSED_VARIABLE = YES;
				MACOSX_DEPLOYMENT_TARGET = 10.8;
				SDKROOT = macosx;
			};
			name = Release;
		};
		1A028A22161CD20800B97A5B /* Debug */ = {
			isa = XCBuildConfiguration;
			buildSettings = {
				COMBINE_HIDPI_IMAGES = YES;
				GCC_PRECOMPILE_PREFIX_HEADER = YES;
				GCC_PREFIX_HEADER = "LightMaster/LightMaster-Prefix.pch";
				INFOPLIST_FILE = "LightMaster/LightMaster-Info.plist";
				MACOSX_DEPLOYMENT_TARGET = 10.7;
				PRODUCT_NAME = "$(TARGET_NAME)";
				WRAPPER_EXTENSION = app;
			};
			name = Debug;
		};
		1A028A23161CD20800B97A5B /* Release */ = {
			isa = XCBuildConfiguration;
			buildSettings = {
				COMBINE_HIDPI_IMAGES = YES;
				GCC_PRECOMPILE_PREFIX_HEADER = YES;
				GCC_PREFIX_HEADER = "LightMaster/LightMaster-Prefix.pch";
				INFOPLIST_FILE = "LightMaster/LightMaster-Info.plist";
				MACOSX_DEPLOYMENT_TARGET = 10.7;
				PRODUCT_NAME = "$(TARGET_NAME)";
				WRAPPER_EXTENSION = app;
			};
			name = Release;
		};
		1A028A25161CD20800B97A5B /* Debug */ = {
			isa = XCBuildConfiguration;
			buildSettings = {
				BUNDLE_LOADER = "$(BUILT_PRODUCTS_DIR)/LightMaster.app/Contents/MacOS/LightMaster";
				COMBINE_HIDPI_IMAGES = YES;
				FRAMEWORK_SEARCH_PATHS = "\"$(DEVELOPER_LIBRARY_DIR)/Frameworks\"";
				GCC_PRECOMPILE_PREFIX_HEADER = YES;
				GCC_PREFIX_HEADER = "LightMaster/LightMaster-Prefix.pch";
				INFOPLIST_FILE = "LightMasterTests/LightMasterTests-Info.plist";
				PRODUCT_NAME = "$(TARGET_NAME)";
				TEST_HOST = "$(BUNDLE_LOADER)";
				WRAPPER_EXTENSION = octest;
			};
			name = Debug;
		};
		1A028A26161CD20800B97A5B /* Release */ = {
			isa = XCBuildConfiguration;
			buildSettings = {
				BUNDLE_LOADER = "$(BUILT_PRODUCTS_DIR)/LightMaster.app/Contents/MacOS/LightMaster";
				COMBINE_HIDPI_IMAGES = YES;
				FRAMEWORK_SEARCH_PATHS = "\"$(DEVELOPER_LIBRARY_DIR)/Frameworks\"";
				GCC_PRECOMPILE_PREFIX_HEADER = YES;
				GCC_PREFIX_HEADER = "LightMaster/LightMaster-Prefix.pch";
				INFOPLIST_FILE = "LightMasterTests/LightMasterTests-Info.plist";
				PRODUCT_NAME = "$(TARGET_NAME)";
				TEST_HOST = "$(BUNDLE_LOADER)";
				WRAPPER_EXTENSION = octest;
			};
			name = Release;
		};
/* End XCBuildConfiguration section */

/* Begin XCConfigurationList section */
		1A0289E9161CD20800B97A5B /* Build configuration list for PBXProject "LightMaster" */ = {
			isa = XCConfigurationList;
			buildConfigurations = (
				1A028A1F161CD20800B97A5B /* Debug */,
				1A028A20161CD20800B97A5B /* Release */,
			);
			defaultConfigurationIsVisible = 0;
			defaultConfigurationName = Release;
		};
		1A028A21161CD20800B97A5B /* Build configuration list for PBXNativeTarget "LightMaster" */ = {
			isa = XCConfigurationList;
			buildConfigurations = (
				1A028A22161CD20800B97A5B /* Debug */,
				1A028A23161CD20800B97A5B /* Release */,
			);
			defaultConfigurationIsVisible = 0;
			defaultConfigurationName = Release;
		};
		1A028A24161CD20800B97A5B /* Build configuration list for PBXNativeTarget "LightMasterTests" */ = {
			isa = XCConfigurationList;
			buildConfigurations = (
				1A028A25161CD20800B97A5B /* Debug */,
				1A028A26161CD20800B97A5B /* Release */,
			);
			defaultConfigurationIsVisible = 0;
			defaultConfigurationName = Release;
		};
/* End XCConfigurationList section */
	};
	rootObject = 1A0289E6161CD20800B97A5B /* Project object */;
}
